// !$*UTF8*$!
{
	archiveVersion = 1;
	classes = {
	};
	objectVersion = 56;
	objects = {

/* Begin PBXBuildFile section */
		0E57C15B2A8BB63F00BFF482 /* LoginVC.swift in Sources */ = {isa = PBXBuildFile; fileRef = 0E57C15A2A8BB63F00BFF482 /* LoginVC.swift */; };
		0E57C15D2A8BB7A400BFF482 /* BaseNavigationController.swift in Sources */ = {isa = PBXBuildFile; fileRef = 0E57C15C2A8BB7A400BFF482 /* BaseNavigationController.swift */; };
		0E57C1652A8BBC4300BFF482 /* OrgoTabBarVC.swift in Sources */ = {isa = PBXBuildFile; fileRef = 0E57C1642A8BBC4300BFF482 /* OrgoTabBarVC.swift */; };
		0E57C1682A8BBCC900BFF482 /* TabBarView.swift in Sources */ = {isa = PBXBuildFile; fileRef = 0E57C1672A8BBCC900BFF482 /* TabBarView.swift */; };
		0E6793362A639433000FBE1A /* BaseViewController.swift in Sources */ = {isa = PBXBuildFile; fileRef = 0E6793352A639433000FBE1A /* BaseViewController.swift */; };
		0E6793392A63946F000FBE1A /* UIViewController+Ext.swift in Sources */ = {isa = PBXBuildFile; fileRef = 0E6793382A63946F000FBE1A /* UIViewController+Ext.swift */; };
		0E67933B2A63956B000FBE1A /* BaseView.swift in Sources */ = {isa = PBXBuildFile; fileRef = 0E67933A2A63956B000FBE1A /* BaseView.swift */; };
		0E67933D2A6395A1000FBE1A /* BaseViewModel.swift in Sources */ = {isa = PBXBuildFile; fileRef = 0E67933C2A6395A1000FBE1A /* BaseViewModel.swift */; };
		0E6793402A6395FC000FBE1A /* Output.swift in Sources */ = {isa = PBXBuildFile; fileRef = 0E67933F2A6395FC000FBE1A /* Output.swift */; };
		0E6793422A639608000FBE1A /* Input.swift in Sources */ = {isa = PBXBuildFile; fileRef = 0E6793412A639608000FBE1A /* Input.swift */; };
		0E6793452A63963D000FBE1A /* APIService.swift in Sources */ = {isa = PBXBuildFile; fileRef = 0E6793442A63963D000FBE1A /* APIService.swift */; };
		0E6793472A639656000FBE1A /* APIError.swift in Sources */ = {isa = PBXBuildFile; fileRef = 0E6793462A639656000FBE1A /* APIError.swift */; };
		0E67934A2A639687000FBE1A /* URLResource.swift in Sources */ = {isa = PBXBuildFile; fileRef = 0E6793492A639687000FBE1A /* URLResource.swift */; };
		0E67934C2A63978F000FBE1A /* BaseTableViewCell.swift in Sources */ = {isa = PBXBuildFile; fileRef = 0E67934B2A63978F000FBE1A /* BaseTableViewCell.swift */; };
		0E67934E2A63979C000FBE1A /* BaseCollectionViewCell.swift in Sources */ = {isa = PBXBuildFile; fileRef = 0E67934D2A63979C000FBE1A /* BaseCollectionViewCell.swift */; };
		0E6793522A639A11000FBE1A /* UIView+Ext.swift in Sources */ = {isa = PBXBuildFile; fileRef = 0E6793512A639A11000FBE1A /* UIView+Ext.swift */; };
		0E6793542A639AB6000FBE1A /* UIImageView+Ext.swift in Sources */ = {isa = PBXBuildFile; fileRef = 0E6793532A639AB6000FBE1A /* UIImageView+Ext.swift */; };
		0E6793562A63C276000FBE1A /* String+Ext.swift in Sources */ = {isa = PBXBuildFile; fileRef = 0E6793552A63C276000FBE1A /* String+Ext.swift */; };
		0E6FC91B2A585277001DD709 /* AppDelegate.swift in Sources */ = {isa = PBXBuildFile; fileRef = 0E6FC91A2A585277001DD709 /* AppDelegate.swift */; };
		0E6FC91D2A585277001DD709 /* SceneDelegate.swift in Sources */ = {isa = PBXBuildFile; fileRef = 0E6FC91C2A585277001DD709 /* SceneDelegate.swift */; };
		0E6FC91F2A585277001DD709 /* ViewController.swift in Sources */ = {isa = PBXBuildFile; fileRef = 0E6FC91E2A585277001DD709 /* ViewController.swift */; };
		0E6FC9242A585278001DD709 /* Assets.xcassets in Resources */ = {isa = PBXBuildFile; fileRef = 0E6FC9232A585278001DD709 /* Assets.xcassets */; };
		0E6FC9272A585278001DD709 /* LaunchScreen.storyboard in Resources */ = {isa = PBXBuildFile; fileRef = 0E6FC9252A585278001DD709 /* LaunchScreen.storyboard */; };
		DBDB3429A16521871435E852 /* Pods_orgo.framework in Frameworks */ = {isa = PBXBuildFile; fileRef = D6DA5098F6D9C50633E2F56E /* Pods_orgo.framework */; };
/* End PBXBuildFile section */

/* Begin PBXFileReference section */
		0E57C15A2A8BB63F00BFF482 /* LoginVC.swift */ = {isa = PBXFileReference; lastKnownFileType = sourcecode.swift; path = LoginVC.swift; sourceTree = "<group>"; };
		0E57C15C2A8BB7A400BFF482 /* BaseNavigationController.swift */ = {isa = PBXFileReference; lastKnownFileType = sourcecode.swift; path = BaseNavigationController.swift; sourceTree = "<group>"; };
		0E57C1642A8BBC4300BFF482 /* OrgoTabBarVC.swift */ = {isa = PBXFileReference; lastKnownFileType = sourcecode.swift; path = OrgoTabBarVC.swift; sourceTree = "<group>"; };
		0E57C1672A8BBCC900BFF482 /* TabBarView.swift */ = {isa = PBXFileReference; lastKnownFileType = sourcecode.swift; path = TabBarView.swift; sourceTree = "<group>"; };
		0E6793352A639433000FBE1A /* BaseViewController.swift */ = {isa = PBXFileReference; lastKnownFileType = sourcecode.swift; path = BaseViewController.swift; sourceTree = "<group>"; };
		0E6793382A63946F000FBE1A /* UIViewController+Ext.swift */ = {isa = PBXFileReference; lastKnownFileType = sourcecode.swift; path = "UIViewController+Ext.swift"; sourceTree = "<group>"; };
		0E67933A2A63956B000FBE1A /* BaseView.swift */ = {isa = PBXFileReference; lastKnownFileType = sourcecode.swift; path = BaseView.swift; sourceTree = "<group>"; };
		0E67933C2A6395A1000FBE1A /* BaseViewModel.swift */ = {isa = PBXFileReference; lastKnownFileType = sourcecode.swift; path = BaseViewModel.swift; sourceTree = "<group>"; };
		0E67933F2A6395FC000FBE1A /* Output.swift */ = {isa = PBXFileReference; lastKnownFileType = sourcecode.swift; path = Output.swift; sourceTree = "<group>"; };
		0E6793412A639608000FBE1A /* Input.swift */ = {isa = PBXFileReference; lastKnownFileType = sourcecode.swift; path = Input.swift; sourceTree = "<group>"; };
		0E6793442A63963D000FBE1A /* APIService.swift */ = {isa = PBXFileReference; lastKnownFileType = sourcecode.swift; path = APIService.swift; sourceTree = "<group>"; };
		0E6793462A639656000FBE1A /* APIError.swift */ = {isa = PBXFileReference; lastKnownFileType = sourcecode.swift; path = APIError.swift; sourceTree = "<group>"; };
		0E6793492A639687000FBE1A /* URLResource.swift */ = {isa = PBXFileReference; lastKnownFileType = sourcecode.swift; path = URLResource.swift; sourceTree = "<group>"; };
		0E67934B2A63978F000FBE1A /* BaseTableViewCell.swift */ = {isa = PBXFileReference; lastKnownFileType = sourcecode.swift; path = BaseTableViewCell.swift; sourceTree = "<group>"; };
		0E67934D2A63979C000FBE1A /* BaseCollectionViewCell.swift */ = {isa = PBXFileReference; lastKnownFileType = sourcecode.swift; path = BaseCollectionViewCell.swift; sourceTree = "<group>"; };
		0E6793512A639A11000FBE1A /* UIView+Ext.swift */ = {isa = PBXFileReference; lastKnownFileType = sourcecode.swift; path = "UIView+Ext.swift"; sourceTree = "<group>"; };
		0E6793532A639AB6000FBE1A /* UIImageView+Ext.swift */ = {isa = PBXFileReference; lastKnownFileType = sourcecode.swift; path = "UIImageView+Ext.swift"; sourceTree = "<group>"; };
		0E6793552A63C276000FBE1A /* String+Ext.swift */ = {isa = PBXFileReference; lastKnownFileType = sourcecode.swift; path = "String+Ext.swift"; sourceTree = "<group>"; };
		0E6FC9172A585277001DD709 /* orgo.app */ = {isa = PBXFileReference; explicitFileType = wrapper.application; includeInIndex = 0; path = orgo.app; sourceTree = BUILT_PRODUCTS_DIR; };
		0E6FC91A2A585277001DD709 /* AppDelegate.swift */ = {isa = PBXFileReference; lastKnownFileType = sourcecode.swift; path = AppDelegate.swift; sourceTree = "<group>"; };
		0E6FC91C2A585277001DD709 /* SceneDelegate.swift */ = {isa = PBXFileReference; lastKnownFileType = sourcecode.swift; path = SceneDelegate.swift; sourceTree = "<group>"; };
		0E6FC91E2A585277001DD709 /* ViewController.swift */ = {isa = PBXFileReference; lastKnownFileType = sourcecode.swift; path = ViewController.swift; sourceTree = "<group>"; };
		0E6FC9232A585278001DD709 /* Assets.xcassets */ = {isa = PBXFileReference; lastKnownFileType = folder.assetcatalog; path = Assets.xcassets; sourceTree = "<group>"; };
		0E6FC9262A585278001DD709 /* Base */ = {isa = PBXFileReference; lastKnownFileType = file.storyboard; name = Base; path = Base.lproj/LaunchScreen.storyboard; sourceTree = "<group>"; };
		0E6FC9282A585278001DD709 /* Info.plist */ = {isa = PBXFileReference; lastKnownFileType = text.plist.xml; path = Info.plist; sourceTree = "<group>"; };
		654C8E589BE281BAFA8FDF33 /* Pods-orgo.debug.xcconfig */ = {isa = PBXFileReference; includeInIndex = 1; lastKnownFileType = text.xcconfig; name = "Pods-orgo.debug.xcconfig"; path = "Target Support Files/Pods-orgo/Pods-orgo.debug.xcconfig"; sourceTree = "<group>"; };
		699FEC91BE114E2CAC1E314D /* Pods-orgo.release.xcconfig */ = {isa = PBXFileReference; includeInIndex = 1; lastKnownFileType = text.xcconfig; name = "Pods-orgo.release.xcconfig"; path = "Target Support Files/Pods-orgo/Pods-orgo.release.xcconfig"; sourceTree = "<group>"; };
		D6DA5098F6D9C50633E2F56E /* Pods_orgo.framework */ = {isa = PBXFileReference; explicitFileType = wrapper.framework; includeInIndex = 0; path = Pods_orgo.framework; sourceTree = BUILT_PRODUCTS_DIR; };
/* End PBXFileReference section */

/* Begin PBXFrameworksBuildPhase section */
		0E6FC9142A585277001DD709 /* Frameworks */ = {
			isa = PBXFrameworksBuildPhase;
			buildActionMask = 2147483647;
			files = (
				DBDB3429A16521871435E852 /* Pods_orgo.framework in Frameworks */,
			);
			runOnlyForDeploymentPostprocessing = 0;
		};
/* End PBXFrameworksBuildPhase section */

/* Begin PBXGroup section */
		0E57C1562A8BB52800BFF482 /* Screen */ = {
			isa = PBXGroup;
			children = (
				0E57C15E2A8BBBF900BFF482 /* Common */,
				0E57C1572A8BB55300BFF482 /* Login */,
			);
			path = Screen;
			sourceTree = "<group>";
		};
		0E57C1572A8BB55300BFF482 /* Login */ = {
			isa = PBXGroup;
			children = (
				0E57C1582A8BB55D00BFF482 /* ViewController */,
			);
			path = Login;
			sourceTree = "<group>";
		};
		0E57C1582A8BB55D00BFF482 /* ViewController */ = {
			isa = PBXGroup;
			children = (
				0E57C15A2A8BB63F00BFF482 /* LoginVC.swift */,
			);
			path = ViewController;
			sourceTree = "<group>";
		};
		0E57C15E2A8BBBF900BFF482 /* Common */ = {
			isa = PBXGroup;
			children = (
				0E57C1602A8BBC1D00BFF482 /* TabBar */,
			);
			path = Common;
			sourceTree = "<group>";
		};
		0E57C1602A8BBC1D00BFF482 /* TabBar */ = {
			isa = PBXGroup;
			children = (
				0E57C1662A8BBCBD00BFF482 /* View */,
				0E57C1612A8BBC2600BFF482 /* ViewController */,
			);
			path = TabBar;
			sourceTree = "<group>";
		};
		0E57C1612A8BBC2600BFF482 /* ViewController */ = {
			isa = PBXGroup;
			children = (
				0E57C1642A8BBC4300BFF482 /* OrgoTabBarVC.swift */,
			);
			path = ViewController;
			sourceTree = "<group>";
		};
		0E57C1662A8BBCBD00BFF482 /* View */ = {
			isa = PBXGroup;
			children = (
				0E57C1672A8BBCC900BFF482 /* TabBarView.swift */,
			);
			path = View;
			sourceTree = "<group>";
		};
		0E6793332A63941A000FBE1A /* Global */ = {
			isa = PBXGroup;
			children = (
				0E6793372A63945B000FBE1A /* Extension */,
				0E6793342A639426000FBE1A /* Class */,
				0E67933E2A6395F0000FBE1A /* Protocol */,
				0E6793432A639631000FBE1A /* Network */,
			);
			path = Global;
			sourceTree = "<group>";
		};
		0E6793342A639426000FBE1A /* Class */ = {
			isa = PBXGroup;
			children = (
				0E6793352A639433000FBE1A /* BaseViewController.swift */,
				0E57C15C2A8BB7A400BFF482 /* BaseNavigationController.swift */,
				0E67933A2A63956B000FBE1A /* BaseView.swift */,
				0E67933C2A6395A1000FBE1A /* BaseViewModel.swift */,
				0E67934B2A63978F000FBE1A /* BaseTableViewCell.swift */,
				0E67934D2A63979C000FBE1A /* BaseCollectionViewCell.swift */,
			);
			path = Class;
			sourceTree = "<group>";
		};
		0E6793372A63945B000FBE1A /* Extension */ = {
			isa = PBXGroup;
			children = (
				0E6793382A63946F000FBE1A /* UIViewController+Ext.swift */,
				0E6793512A639A11000FBE1A /* UIView+Ext.swift */,
				0E6793532A639AB6000FBE1A /* UIImageView+Ext.swift */,
				0E6793552A63C276000FBE1A /* String+Ext.swift */,
			);
			path = Extension;
			sourceTree = "<group>";
		};
		0E67933E2A6395F0000FBE1A /* Protocol */ = {
			isa = PBXGroup;
			children = (
				0E67933F2A6395FC000FBE1A /* Output.swift */,
				0E6793412A639608000FBE1A /* Input.swift */,
			);
			path = Protocol;
			sourceTree = "<group>";
		};
		0E6793432A639631000FBE1A /* Network */ = {
			isa = PBXGroup;
			children = (
				0E6793442A63963D000FBE1A /* APIService.swift */,
				0E6793462A639656000FBE1A /* APIError.swift */,
				0E6793492A639687000FBE1A /* URLResource.swift */,
			);
			path = Network;
			sourceTree = "<group>";
		};
		0E6FC90E2A585276001DD709 = {
			isa = PBXGroup;
			children = (
				0E6FC9192A585277001DD709 /* orgo */,
				0E6FC9182A585277001DD709 /* Products */,
				5790C6D43082154B51C810A3 /* Pods */,
				8B1399B6362DEA6183F2EB0B /* Frameworks */,
			);
			sourceTree = "<group>";
		};
		0E6FC9182A585277001DD709 /* Products */ = {
			isa = PBXGroup;
			children = (
				0E6FC9172A585277001DD709 /* orgo.app */,
			);
			name = Products;
			sourceTree = "<group>";
		};
		0E6FC9192A585277001DD709 /* orgo */ = {
			isa = PBXGroup;
			children = (
				0E6FC9252A585278001DD709 /* LaunchScreen.storyboard */,
				0E6FC9432A5C4BD2001DD709 /* Support */,
				0E6793332A63941A000FBE1A /* Global */,
				0E6FC91E2A585277001DD709 /* ViewController.swift */,
				0E57C1562A8BB52800BFF482 /* Screen */,
			);
			path = orgo;
			sourceTree = "<group>";
		};
		0E6FC9432A5C4BD2001DD709 /* Support */ = {
			isa = PBXGroup;
			children = (
				0E6FC91A2A585277001DD709 /* AppDelegate.swift */,
				0E6FC91C2A585277001DD709 /* SceneDelegate.swift */,
				0E6FC9232A585278001DD709 /* Assets.xcassets */,
				0E6FC9282A585278001DD709 /* Info.plist */,
			);
			path = Support;
			sourceTree = "<group>";
		};
		5790C6D43082154B51C810A3 /* Pods */ = {
			isa = PBXGroup;
			children = (
				654C8E589BE281BAFA8FDF33 /* Pods-orgo.debug.xcconfig */,
				699FEC91BE114E2CAC1E314D /* Pods-orgo.release.xcconfig */,
			);
			path = Pods;
			sourceTree = "<group>";
		};
		8B1399B6362DEA6183F2EB0B /* Frameworks */ = {
			isa = PBXGroup;
			children = (
				D6DA5098F6D9C50633E2F56E /* Pods_orgo.framework */,
			);
			name = Frameworks;
			sourceTree = "<group>";
		};
/* End PBXGroup section */

/* Begin PBXNativeTarget section */
		0E6FC9162A585277001DD709 /* orgo */ = {
			isa = PBXNativeTarget;
			buildConfigurationList = 0E6FC92B2A585278001DD709 /* Build configuration list for PBXNativeTarget "orgo" */;
			buildPhases = (
				33FE69F1990191755B6CD76E /* [CP] Check Pods Manifest.lock */,
				0E6FC9132A585277001DD709 /* Sources */,
				0E6FC9142A585277001DD709 /* Frameworks */,
				0E6FC9152A585277001DD709 /* Resources */,
				745C2634687BC3B2DE2E1C9F /* [CP] Embed Pods Frameworks */,
			);
			buildRules = (
			);
			dependencies = (
			);
			name = orgo;
			productName = orgo;
			productReference = 0E6FC9172A585277001DD709 /* orgo.app */;
			productType = "com.apple.product-type.application";
		};
/* End PBXNativeTarget section */

/* Begin PBXProject section */
		0E6FC90F2A585276001DD709 /* Project object */ = {
			isa = PBXProject;
			attributes = {
				BuildIndependentTargetsInParallel = 1;
				LastSwiftUpdateCheck = 1420;
				LastUpgradeCheck = 1420;
				TargetAttributes = {
					0E6FC9162A585277001DD709 = {
						CreatedOnToolsVersion = 14.2;
					};
				};
			};
			buildConfigurationList = 0E6FC9122A585276001DD709 /* Build configuration list for PBXProject "orgo" */;
			compatibilityVersion = "Xcode 14.0";
			developmentRegion = en;
			hasScannedForEncodings = 0;
			knownRegions = (
				en,
				Base,
			);
			mainGroup = 0E6FC90E2A585276001DD709;
			productRefGroup = 0E6FC9182A585277001DD709 /* Products */;
			projectDirPath = "";
			projectRoot = "";
			targets = (
				0E6FC9162A585277001DD709 /* orgo */,
			);
		};
/* End PBXProject section */

/* Begin PBXResourcesBuildPhase section */
		0E6FC9152A585277001DD709 /* Resources */ = {
			isa = PBXResourcesBuildPhase;
			buildActionMask = 2147483647;
			files = (
				0E6FC9272A585278001DD709 /* LaunchScreen.storyboard in Resources */,
				0E6FC9242A585278001DD709 /* Assets.xcassets in Resources */,
			);
			runOnlyForDeploymentPostprocessing = 0;
		};
/* End PBXResourcesBuildPhase section */

/* Begin PBXShellScriptBuildPhase section */
		33FE69F1990191755B6CD76E /* [CP] Check Pods Manifest.lock */ = {
			isa = PBXShellScriptBuildPhase;
			buildActionMask = 2147483647;
			files = (
			);
			inputFileListPaths = (
			);
			inputPaths = (
				"${PODS_PODFILE_DIR_PATH}/Podfile.lock",
				"${PODS_ROOT}/Manifest.lock",
			);
			name = "[CP] Check Pods Manifest.lock";
			outputFileListPaths = (
			);
			outputPaths = (
				"$(DERIVED_FILE_DIR)/Pods-orgo-checkManifestLockResult.txt",
			);
			runOnlyForDeploymentPostprocessing = 0;
			shellPath = /bin/sh;
			shellScript = "diff \"${PODS_PODFILE_DIR_PATH}/Podfile.lock\" \"${PODS_ROOT}/Manifest.lock\" > /dev/null\nif [ $? != 0 ] ; then\n    # print error to STDERR\n    echo \"error: The sandbox is not in sync with the Podfile.lock. Run 'pod install' or update your CocoaPods installation.\" >&2\n    exit 1\nfi\n# This output is used by Xcode 'outputs' to avoid re-running this script phase.\necho \"SUCCESS\" > \"${SCRIPT_OUTPUT_FILE_0}\"\n";
			showEnvVarsInLog = 0;
		};
		745C2634687BC3B2DE2E1C9F /* [CP] Embed Pods Frameworks */ = {
			isa = PBXShellScriptBuildPhase;
			buildActionMask = 2147483647;
			files = (
			);
			inputFileListPaths = (
				"${PODS_ROOT}/Target Support Files/Pods-orgo/Pods-orgo-frameworks-${CONFIGURATION}-input-files.xcfilelist",
			);
			name = "[CP] Embed Pods Frameworks";
			outputFileListPaths = (
				"${PODS_ROOT}/Target Support Files/Pods-orgo/Pods-orgo-frameworks-${CONFIGURATION}-output-files.xcfilelist",
			);
			runOnlyForDeploymentPostprocessing = 0;
			shellPath = /bin/sh;
			shellScript = "\"${PODS_ROOT}/Target Support Files/Pods-orgo/Pods-orgo-frameworks.sh\"\n";
			showEnvVarsInLog = 0;
		};
/* End PBXShellScriptBuildPhase section */

/* Begin PBXSourcesBuildPhase section */
		0E6FC9132A585277001DD709 /* Sources */ = {
			isa = PBXSourcesBuildPhase;
			buildActionMask = 2147483647;
			files = (
				0E6793402A6395FC000FBE1A /* Output.swift in Sources */,
				0E67934E2A63979C000FBE1A /* BaseCollectionViewCell.swift in Sources */,
				0E6793522A639A11000FBE1A /* UIView+Ext.swift in Sources */,
				0E6793562A63C276000FBE1A /* String+Ext.swift in Sources */,
				0E6FC91F2A585277001DD709 /* ViewController.swift in Sources */,
				0E6793362A639433000FBE1A /* BaseViewController.swift in Sources */,
				0E57C15D2A8BB7A400BFF482 /* BaseNavigationController.swift in Sources */,
				0E6793392A63946F000FBE1A /* UIViewController+Ext.swift in Sources */,
				0E67933D2A6395A1000FBE1A /* BaseViewModel.swift in Sources */,
				0E67933B2A63956B000FBE1A /* BaseView.swift in Sources */,
				0E6793542A639AB6000FBE1A /* UIImageView+Ext.swift in Sources */,
				0E6793452A63963D000FBE1A /* APIService.swift in Sources */,
				0E67934A2A639687000FBE1A /* URLResource.swift in Sources */,
				0E57C1652A8BBC4300BFF482 /* OrgoTabBarVC.swift in Sources */,
				0E6793422A639608000FBE1A /* Input.swift in Sources */,
				0E6FC91B2A585277001DD709 /* AppDelegate.swift in Sources */,
				0E57C1682A8BBCC900BFF482 /* TabBarView.swift in Sources */,
				0E57C15B2A8BB63F00BFF482 /* LoginVC.swift in Sources */,
				0E6FC91D2A585277001DD709 /* SceneDelegate.swift in Sources */,
				0E67934C2A63978F000FBE1A /* BaseTableViewCell.swift in Sources */,
				0E6793472A639656000FBE1A /* APIError.swift in Sources */,
			);
			runOnlyForDeploymentPostprocessing = 0;
		};
/* End PBXSourcesBuildPhase section */

/* Begin PBXVariantGroup section */
		0E6FC9252A585278001DD709 /* LaunchScreen.storyboard */ = {
			isa = PBXVariantGroup;
			children = (
				0E6FC9262A585278001DD709 /* Base */,
			);
			name = LaunchScreen.storyboard;
			sourceTree = "<group>";
		};
/* End PBXVariantGroup section */

/* Begin XCBuildConfiguration section */
		0E6FC9292A585278001DD709 /* Debug */ = {
			isa = XCBuildConfiguration;
			buildSettings = {
				ALWAYS_SEARCH_USER_PATHS = NO;
				CLANG_ANALYZER_NONNULL = YES;
				CLANG_ANALYZER_NUMBER_OBJECT_CONVERSION = YES_AGGRESSIVE;
				CLANG_CXX_LANGUAGE_STANDARD = "gnu++20";
				CLANG_ENABLE_MODULES = YES;
				CLANG_ENABLE_OBJC_ARC = YES;
				CLANG_ENABLE_OBJC_WEAK = YES;
				CLANG_WARN_BLOCK_CAPTURE_AUTORELEASING = YES;
				CLANG_WARN_BOOL_CONVERSION = YES;
				CLANG_WARN_COMMA = YES;
				CLANG_WARN_CONSTANT_CONVERSION = YES;
				CLANG_WARN_DEPRECATED_OBJC_IMPLEMENTATIONS = YES;
				CLANG_WARN_DIRECT_OBJC_ISA_USAGE = YES_ERROR;
				CLANG_WARN_DOCUMENTATION_COMMENTS = YES;
				CLANG_WARN_EMPTY_BODY = YES;
				CLANG_WARN_ENUM_CONVERSION = YES;
				CLANG_WARN_INFINITE_RECURSION = YES;
				CLANG_WARN_INT_CONVERSION = YES;
				CLANG_WARN_NON_LITERAL_NULL_CONVERSION = YES;
				CLANG_WARN_OBJC_IMPLICIT_RETAIN_SELF = YES;
				CLANG_WARN_OBJC_LITERAL_CONVERSION = YES;
				CLANG_WARN_OBJC_ROOT_CLASS = YES_ERROR;
				CLANG_WARN_QUOTED_INCLUDE_IN_FRAMEWORK_HEADER = YES;
				CLANG_WARN_RANGE_LOOP_ANALYSIS = YES;
				CLANG_WARN_STRICT_PROTOTYPES = YES;
				CLANG_WARN_SUSPICIOUS_MOVE = YES;
				CLANG_WARN_UNGUARDED_AVAILABILITY = YES_AGGRESSIVE;
				CLANG_WARN_UNREACHABLE_CODE = YES;
				CLANG_WARN__DUPLICATE_METHOD_MATCH = YES;
				COPY_PHASE_STRIP = NO;
				DEBUG_INFORMATION_FORMAT = dwarf;
				ENABLE_STRICT_OBJC_MSGSEND = YES;
				ENABLE_TESTABILITY = YES;
				GCC_C_LANGUAGE_STANDARD = gnu11;
				GCC_DYNAMIC_NO_PIC = NO;
				GCC_NO_COMMON_BLOCKS = YES;
				GCC_OPTIMIZATION_LEVEL = 0;
				GCC_PREPROCESSOR_DEFINITIONS = (
					"DEBUG=1",
					"$(inherited)",
				);
				GCC_WARN_64_TO_32_BIT_CONVERSION = YES;
				GCC_WARN_ABOUT_RETURN_TYPE = YES_ERROR;
				GCC_WARN_UNDECLARED_SELECTOR = YES;
				GCC_WARN_UNINITIALIZED_AUTOS = YES_AGGRESSIVE;
				GCC_WARN_UNUSED_FUNCTION = YES;
				GCC_WARN_UNUSED_VARIABLE = YES;
				IPHONEOS_DEPLOYMENT_TARGET = 16.2;
				MTL_ENABLE_DEBUG_INFO = INCLUDE_SOURCE;
				MTL_FAST_MATH = YES;
				ONLY_ACTIVE_ARCH = YES;
				SDKROOT = iphoneos;
				SWIFT_ACTIVE_COMPILATION_CONDITIONS = DEBUG;
				SWIFT_OPTIMIZATION_LEVEL = "-Onone";
			};
			name = Debug;
		};
		0E6FC92A2A585278001DD709 /* Release */ = {
			isa = XCBuildConfiguration;
			buildSettings = {
				ALWAYS_SEARCH_USER_PATHS = NO;
				CLANG_ANALYZER_NONNULL = YES;
				CLANG_ANALYZER_NUMBER_OBJECT_CONVERSION = YES_AGGRESSIVE;
				CLANG_CXX_LANGUAGE_STANDARD = "gnu++20";
				CLANG_ENABLE_MODULES = YES;
				CLANG_ENABLE_OBJC_ARC = YES;
				CLANG_ENABLE_OBJC_WEAK = YES;
				CLANG_WARN_BLOCK_CAPTURE_AUTORELEASING = YES;
				CLANG_WARN_BOOL_CONVERSION = YES;
				CLANG_WARN_COMMA = YES;
				CLANG_WARN_CONSTANT_CONVERSION = YES;
				CLANG_WARN_DEPRECATED_OBJC_IMPLEMENTATIONS = YES;
				CLANG_WARN_DIRECT_OBJC_ISA_USAGE = YES_ERROR;
				CLANG_WARN_DOCUMENTATION_COMMENTS = YES;
				CLANG_WARN_EMPTY_BODY = YES;
				CLANG_WARN_ENUM_CONVERSION = YES;
				CLANG_WARN_INFINITE_RECURSION = YES;
				CLANG_WARN_INT_CONVERSION = YES;
				CLANG_WARN_NON_LITERAL_NULL_CONVERSION = YES;
				CLANG_WARN_OBJC_IMPLICIT_RETAIN_SELF = YES;
				CLANG_WARN_OBJC_LITERAL_CONVERSION = YES;
				CLANG_WARN_OBJC_ROOT_CLASS = YES_ERROR;
				CLANG_WARN_QUOTED_INCLUDE_IN_FRAMEWORK_HEADER = YES;
				CLANG_WARN_RANGE_LOOP_ANALYSIS = YES;
				CLANG_WARN_STRICT_PROTOTYPES = YES;
				CLANG_WARN_SUSPICIOUS_MOVE = YES;
				CLANG_WARN_UNGUARDED_AVAILABILITY = YES_AGGRESSIVE;
				CLANG_WARN_UNREACHABLE_CODE = YES;
				CLANG_WARN__DUPLICATE_METHOD_MATCH = YES;
				COPY_PHASE_STRIP = NO;
				DEBUG_INFORMATION_FORMAT = "dwarf-with-dsym";
				ENABLE_NS_ASSERTIONS = NO;
				ENABLE_STRICT_OBJC_MSGSEND = YES;
				GCC_C_LANGUAGE_STANDARD = gnu11;
				GCC_NO_COMMON_BLOCKS = YES;
				GCC_WARN_64_TO_32_BIT_CONVERSION = YES;
				GCC_WARN_ABOUT_RETURN_TYPE = YES_ERROR;
				GCC_WARN_UNDECLARED_SELECTOR = YES;
				GCC_WARN_UNINITIALIZED_AUTOS = YES_AGGRESSIVE;
				GCC_WARN_UNUSED_FUNCTION = YES;
				GCC_WARN_UNUSED_VARIABLE = YES;
				IPHONEOS_DEPLOYMENT_TARGET = 16.2;
				MTL_ENABLE_DEBUG_INFO = NO;
				MTL_FAST_MATH = YES;
				SDKROOT = iphoneos;
				SWIFT_COMPILATION_MODE = wholemodule;
				SWIFT_OPTIMIZATION_LEVEL = "-O";
				VALIDATE_PRODUCT = YES;
			};
			name = Release;
		};
		0E6FC92C2A585278001DD709 /* Debug */ = {
			isa = XCBuildConfiguration;
			baseConfigurationReference = 654C8E589BE281BAFA8FDF33 /* Pods-orgo.debug.xcconfig */;
			buildSettings = {
				ASSETCATALOG_COMPILER_APPICON_NAME = AppIcon;
				ASSETCATALOG_COMPILER_GLOBAL_ACCENT_COLOR_NAME = AccentColor;
				CODE_SIGN_STYLE = Automatic;
				CURRENT_PROJECT_VERSION = 1;
				DEVELOPMENT_TEAM = C9U8778A7W;
				GENERATE_INFOPLIST_FILE = YES;
				INFOPLIST_FILE = orgo/Info.plist;
				INFOPLIST_KEY_UIApplicationSupportsIndirectInputEvents = YES;
				INFOPLIST_KEY_UILaunchStoryboardName = LaunchScreen;
				INFOPLIST_KEY_UISupportedInterfaceOrientations = UIInterfaceOrientationPortrait;
				INFOPLIST_KEY_UISupportedInterfaceOrientations_iPad = "UIInterfaceOrientationPortrait UIInterfaceOrientationPortraitUpsideDown";
				IPHONEOS_DEPLOYMENT_TARGET = 14.0;
				LD_RUNPATH_SEARCH_PATHS = (
					"$(inherited)",
					"@executable_path/Frameworks",
				);
				MARKETING_VERSION = 1.0;
				PRODUCT_BUNDLE_IDENTIFIER = com.taehyun.orgo;
				PRODUCT_NAME = "$(TARGET_NAME)";
				SWIFT_EMIT_LOC_STRINGS = YES;
				SWIFT_VERSION = 5.0;
				TARGETED_DEVICE_FAMILY = "1,2";
			};
			name = Debug;
		};
		0E6FC92D2A585278001DD709 /* Release */ = {
			isa = XCBuildConfiguration;
			baseConfigurationReference = 699FEC91BE114E2CAC1E314D /* Pods-orgo.release.xcconfig */;
			buildSettings = {
				ASSETCATALOG_COMPILER_APPICON_NAME = AppIcon;
				ASSETCATALOG_COMPILER_GLOBAL_ACCENT_COLOR_NAME = AccentColor;
				CODE_SIGN_STYLE = Automatic;
				CURRENT_PROJECT_VERSION = 1;
				DEVELOPMENT_TEAM = C9U8778A7W;
				GENERATE_INFOPLIST_FILE = YES;
				INFOPLIST_FILE = orgo/Info.plist;
				INFOPLIST_KEY_UIApplicationSupportsIndirectInputEvents = YES;
				INFOPLIST_KEY_UILaunchStoryboardName = LaunchScreen;
				INFOPLIST_KEY_UISupportedInterfaceOrientations = UIInterfaceOrientationPortrait;
				INFOPLIST_KEY_UISupportedInterfaceOrientations_iPad = "UIInterfaceOrientationPortrait UIInterfaceOrientationPortraitUpsideDown";
				IPHONEOS_DEPLOYMENT_TARGET = 14.0;
				LD_RUNPATH_SEARCH_PATHS = (
					"$(inherited)",
					"@executable_path/Frameworks",
				);
				MARKETING_VERSION = 1.0;
				PRODUCT_BUNDLE_IDENTIFIER = com.taehyun.orgo;
				PRODUCT_NAME = "$(TARGET_NAME)";
				SWIFT_EMIT_LOC_STRINGS = YES;
				SWIFT_VERSION = 5.0;
				TARGETED_DEVICE_FAMILY = "1,2";
			};
			name = Release;
		};
/* End XCBuildConfiguration section */

/* Begin XCConfigurationList section */
		0E6FC9122A585276001DD709 /* Build configuration list for PBXProject "orgo" */ = {
			isa = XCConfigurationList;
			buildConfigurations = (
				0E6FC9292A585278001DD709 /* Debug */,
				0E6FC92A2A585278001DD709 /* Release */,
			);
			defaultConfigurationIsVisible = 0;
			defaultConfigurationName = Release;
		};
		0E6FC92B2A585278001DD709 /* Build configuration list for PBXNativeTarget "orgo" */ = {
			isa = XCConfigurationList;
			buildConfigurations = (
				0E6FC92C2A585278001DD709 /* Debug */,
				0E6FC92D2A585278001DD709 /* Release */,
			);
			defaultConfigurationIsVisible = 0;
			defaultConfigurationName = Release;
		};
/* End XCConfigurationList section */
	};
	rootObject = 0E6FC90F2A585276001DD709 /* Project object */;
}
