// !$*UTF8*$!
{
	archiveVersion = 1;
	classes = {
	};
	objectVersion = 56;
	objects = {

/* Begin PBXBuildFile section */
		0E502B552A8E7079002C71F2 /* OrgoBottomSheet.swift in Sources */ = {isa = PBXBuildFile; fileRef = 0E502B542A8E7079002C71F2 /* OrgoBottomSheet.swift */; };
		0E502B582A8E8204002C71F2 /* HomeVM.swift in Sources */ = {isa = PBXBuildFile; fileRef = 0E502B572A8E8204002C71F2 /* HomeVM.swift */; };
		0E502B5B2A8E82A3002C71F2 /* MountainListResponseModel.swift in Sources */ = {isa = PBXBuildFile; fileRef = 0E502B5A2A8E82A3002C71F2 /* MountainListResponseModel.swift */; };
		0E502B622A90C7D4002C71F2 /* UIFont+Ext.swift in Sources */ = {isa = PBXBuildFile; fileRef = 0E502B612A90C7D4002C71F2 /* UIFont+Ext.swift */; };
		0E502B662A90EA2E002C71F2 /* PretendardWeight.swift in Sources */ = {isa = PBXBuildFile; fileRef = 0E502B652A90EA2E002C71F2 /* PretendardWeight.swift */; };
		0E57C15B2A8BB63F00BFF482 /* LoginVC.swift in Sources */ = {isa = PBXBuildFile; fileRef = 0E57C15A2A8BB63F00BFF482 /* LoginVC.swift */; };
		0E57C15D2A8BB7A400BFF482 /* BaseNavigationController.swift in Sources */ = {isa = PBXBuildFile; fileRef = 0E57C15C2A8BB7A400BFF482 /* BaseNavigationController.swift */; };
		0E57C1652A8BBC4300BFF482 /* OrgoTabBarVC.swift in Sources */ = {isa = PBXBuildFile; fileRef = 0E57C1642A8BBC4300BFF482 /* OrgoTabBarVC.swift */; };
		0E57C1682A8BBCC900BFF482 /* TabBarView.swift in Sources */ = {isa = PBXBuildFile; fileRef = 0E57C1672A8BBCC900BFF482 /* TabBarView.swift */; };
		0E57C16B2A8BBE8300BFF482 /* TabBarItem.swift in Sources */ = {isa = PBXBuildFile; fileRef = 0E57C16A2A8BBE8300BFF482 /* TabBarItem.swift */; };
		0E57C16F2A8BC18700BFF482 /* NavigationBar.swift in Sources */ = {isa = PBXBuildFile; fileRef = 0E57C16E2A8BC18700BFF482 /* NavigationBar.swift */; };
		0E57C1712A8BC33F00BFF482 /* NavigationBarStyle.swift in Sources */ = {isa = PBXBuildFile; fileRef = 0E57C1702A8BC33F00BFF482 /* NavigationBarStyle.swift */; };
		0E57C1732A8BC4AB00BFF482 /* BaseNavigationViewController.swift in Sources */ = {isa = PBXBuildFile; fileRef = 0E57C1722A8BC4AB00BFF482 /* BaseNavigationViewController.swift */; };
		0E57C1762A8BC70B00BFF482 /* HomeVC.swift in Sources */ = {isa = PBXBuildFile; fileRef = 0E57C1752A8BC70B00BFF482 /* HomeVC.swift */; };
		0E57C17C2A8BC85600BFF482 /* MyPageVC.swift in Sources */ = {isa = PBXBuildFile; fileRef = 0E57C17B2A8BC85600BFF482 /* MyPageVC.swift */; };
		0E57C1802A8BC9E500BFF482 /* TabBarItemButton.swift in Sources */ = {isa = PBXBuildFile; fileRef = 0E57C17F2A8BC9E500BFF482 /* TabBarItemButton.swift */; };
		0E6793362A639433000FBE1A /* BaseViewController.swift in Sources */ = {isa = PBXBuildFile; fileRef = 0E6793352A639433000FBE1A /* BaseViewController.swift */; };
		0E6793392A63946F000FBE1A /* UIViewController+Ext.swift in Sources */ = {isa = PBXBuildFile; fileRef = 0E6793382A63946F000FBE1A /* UIViewController+Ext.swift */; };
		0E67933B2A63956B000FBE1A /* BaseView.swift in Sources */ = {isa = PBXBuildFile; fileRef = 0E67933A2A63956B000FBE1A /* BaseView.swift */; };
		0E67933D2A6395A1000FBE1A /* BaseViewModel.swift in Sources */ = {isa = PBXBuildFile; fileRef = 0E67933C2A6395A1000FBE1A /* BaseViewModel.swift */; };
		0E6793402A6395FC000FBE1A /* Output.swift in Sources */ = {isa = PBXBuildFile; fileRef = 0E67933F2A6395FC000FBE1A /* Output.swift */; };
		0E6793422A639608000FBE1A /* Input.swift in Sources */ = {isa = PBXBuildFile; fileRef = 0E6793412A639608000FBE1A /* Input.swift */; };
		0E6793452A63963D000FBE1A /* APIService.swift in Sources */ = {isa = PBXBuildFile; fileRef = 0E6793442A63963D000FBE1A /* APIService.swift */; };
		0E6793472A639656000FBE1A /* APIError.swift in Sources */ = {isa = PBXBuildFile; fileRef = 0E6793462A639656000FBE1A /* APIError.swift */; };
		0E67934A2A639687000FBE1A /* URLResource.swift in Sources */ = {isa = PBXBuildFile; fileRef = 0E6793492A639687000FBE1A /* URLResource.swift */; };
		0E67934C2A63978F000FBE1A /* BaseTableViewCell.swift in Sources */ = {isa = PBXBuildFile; fileRef = 0E67934B2A63978F000FBE1A /* BaseTableViewCell.swift */; };
		0E67934E2A63979C000FBE1A /* BaseCollectionViewCell.swift in Sources */ = {isa = PBXBuildFile; fileRef = 0E67934D2A63979C000FBE1A /* BaseCollectionViewCell.swift */; };
		0E6793522A639A11000FBE1A /* UIView+Ext.swift in Sources */ = {isa = PBXBuildFile; fileRef = 0E6793512A639A11000FBE1A /* UIView+Ext.swift */; };
		0E6793542A639AB6000FBE1A /* UIImageView+Ext.swift in Sources */ = {isa = PBXBuildFile; fileRef = 0E6793532A639AB6000FBE1A /* UIImageView+Ext.swift */; };
		0E6793562A63C276000FBE1A /* String+Ext.swift in Sources */ = {isa = PBXBuildFile; fileRef = 0E6793552A63C276000FBE1A /* String+Ext.swift */; };
		0E6FC91B2A585277001DD709 /* AppDelegate.swift in Sources */ = {isa = PBXBuildFile; fileRef = 0E6FC91A2A585277001DD709 /* AppDelegate.swift */; };
		0E6FC91D2A585277001DD709 /* SceneDelegate.swift in Sources */ = {isa = PBXBuildFile; fileRef = 0E6FC91C2A585277001DD709 /* SceneDelegate.swift */; };
		0E6FC9242A585278001DD709 /* Assets.xcassets in Resources */ = {isa = PBXBuildFile; fileRef = 0E6FC9232A585278001DD709 /* Assets.xcassets */; };
		0E6FC9272A585278001DD709 /* LaunchScreen.storyboard in Resources */ = {isa = PBXBuildFile; fileRef = 0E6FC9252A585278001DD709 /* LaunchScreen.storyboard */; };
		0E9B77342A8BF0A800F2117B /* LoginVM.swift in Sources */ = {isa = PBXBuildFile; fileRef = 0E9B77332A8BF0A800F2117B /* LoginVM.swift */; };
		0E9B77362A8BF13B00F2117B /* APISession.swift in Sources */ = {isa = PBXBuildFile; fileRef = 0E9B77352A8BF13B00F2117B /* APISession.swift */; };
		0E9B77382A8BF17D00F2117B /* AuthInterceptor.swift in Sources */ = {isa = PBXBuildFile; fileRef = 0E9B77372A8BF17D00F2117B /* AuthInterceptor.swift */; };
		0E9B773A2A8BF1AE00F2117B /* APIToken.swift in Sources */ = {isa = PBXBuildFile; fileRef = 0E9B77392A8BF1AE00F2117B /* APIToken.swift */; };
		0E9B773D2A8BF25E00F2117B /* UpdateTokenResponseModel.swift in Sources */ = {isa = PBXBuildFile; fileRef = 0E9B773C2A8BF25E00F2117B /* UpdateTokenResponseModel.swift */; };
		0E9B77402A8BF29500F2117B /* KeychainManager.swift in Sources */ = {isa = PBXBuildFile; fileRef = 0E9B773F2A8BF29500F2117B /* KeychainManager.swift */; };
		0E9B77422A8BF81C00F2117B /* LoginType.swift in Sources */ = {isa = PBXBuildFile; fileRef = 0E9B77412A8BF81C00F2117B /* LoginType.swift */; };
		0E9B77452A8BF8DF00F2117B /* LoginResponseModel.swift in Sources */ = {isa = PBXBuildFile; fileRef = 0E9B77442A8BF8DF00F2117B /* LoginResponseModel.swift */; };
		0E9B77482A8C762100F2117B /* MyPageVM.swift in Sources */ = {isa = PBXBuildFile; fileRef = 0E9B77472A8C762100F2117B /* MyPageVM.swift */; };
		0E9B774A2A8C765200F2117B /* EmptyResponseModel.swift in Sources */ = {isa = PBXBuildFile; fileRef = 0E9B77492A8C765200F2117B /* EmptyResponseModel.swift */; };
		0E9B77722A8D0D7100F2117B /* map_pinup_custom@3x.png in Resources */ = {isa = PBXBuildFile; fileRef = 0E9B774D2A8D0D7100F2117B /* map_pinup_custom@3x.png */; };
		0E9B77732A8D0D7100F2117B /* map_pin_custom.png in Resources */ = {isa = PBXBuildFile; fileRef = 0E9B774E2A8D0D7100F2117B /* map_pin_custom.png */; };
		0E9B77742A8D0D7100F2117B /* shadow_balloon.png in Resources */ = {isa = PBXBuildFile; fileRef = 0E9B774F2A8D0D7100F2117B /* shadow_balloon.png */; };
		0E9B77752A8D0D7100F2117B /* map_pinup.png in Resources */ = {isa = PBXBuildFile; fileRef = 0E9B77502A8D0D7100F2117B /* map_pinup.png */; };
		0E9B77762A8D0D7100F2117B /* detail_button.png in Resources */ = {isa = PBXBuildFile; fileRef = 0E9B77512A8D0D7100F2117B /* detail_button.png */; };
		0E9B77772A8D0D7100F2117B /* map_pin_custom@3x.png in Resources */ = {isa = PBXBuildFile; fileRef = 0E9B77522A8D0D7100F2117B /* map_pin_custom@3x.png */; };
		0E9B77782A8D0D7100F2117B /* map_pinup@3x.png in Resources */ = {isa = PBXBuildFile; fileRef = 0E9B77532A8D0D7100F2117B /* map_pinup@3x.png */; };
		0E9B77792A8D0D7100F2117B /* map_pin_shadow@3x.png in Resources */ = {isa = PBXBuildFile; fileRef = 0E9B77542A8D0D7100F2117B /* map_pin_shadow@3x.png */; };
		0E9B777A2A8D0D7100F2117B /* copyright.png in Resources */ = {isa = PBXBuildFile; fileRef = 0E9B77552A8D0D7100F2117B /* copyright.png */; };
		0E9B777B2A8D0D7100F2117B /* th_line.png in Resources */ = {isa = PBXBuildFile; fileRef = 0E9B77562A8D0D7100F2117B /* th_line.png */; };
		0E9B777C2A8D0D7100F2117B /* map_pin_red@3x.png in Resources */ = {isa = PBXBuildFile; fileRef = 0E9B77572A8D0D7100F2117B /* map_pin_red@3x.png */; };
		0E9B777D2A8D0D7100F2117B /* daum_copyright.png in Resources */ = {isa = PBXBuildFile; fileRef = 0E9B77582A8D0D7100F2117B /* daum_copyright.png */; };
		0E9B777E2A8D0D7100F2117B /* map_pin@3x.png in Resources */ = {isa = PBXBuildFile; fileRef = 0E9B77592A8D0D7100F2117B /* map_pin@3x.png */; };
		0E9B777F2A8D0D7100F2117B /* map_present_tracking.png in Resources */ = {isa = PBXBuildFile; fileRef = 0E9B775A2A8D0D7100F2117B /* map_present_tracking.png */; };
		0E9B77802A8D0D7100F2117B /* map_pin_red.png in Resources */ = {isa = PBXBuildFile; fileRef = 0E9B775B2A8D0D7100F2117B /* map_pin_red.png */; };
		0E9B77812A8D0D7100F2117B /* info_box.png in Resources */ = {isa = PBXBuildFile; fileRef = 0E9B77652A8D0D7100F2117B /* info_box.png */; };
		0E9B77822A8D0D7100F2117B /* point_sprite.png in Resources */ = {isa = PBXBuildFile; fileRef = 0E9B77662A8D0D7100F2117B /* point_sprite.png */; };
		0E9B77832A8D0D7100F2117B /* map_pinup_custom.png in Resources */ = {isa = PBXBuildFile; fileRef = 0E9B77672A8D0D7100F2117B /* map_pinup_custom.png */; };
		0E9B77842A8D0D7100F2117B /* info_box_tail.png in Resources */ = {isa = PBXBuildFile; fileRef = 0E9B77682A8D0D7100F2117B /* info_box_tail.png */; };
		0E9B77852A8D0D7100F2117B /* noimage256.png in Resources */ = {isa = PBXBuildFile; fileRef = 0E9B77692A8D0D7100F2117B /* noimage256.png */; };
		0E9B77862A8D0D7100F2117B /* map_present_direction.png in Resources */ = {isa = PBXBuildFile; fileRef = 0E9B776A2A8D0D7100F2117B /* map_present_direction.png */; };
		0E9B77872A8D0D7100F2117B /* map_pin.png in Resources */ = {isa = PBXBuildFile; fileRef = 0E9B776B2A8D0D7100F2117B /* map_pin.png */; };
		0E9B77882A8D0D7100F2117B /* map_present.png in Resources */ = {isa = PBXBuildFile; fileRef = 0E9B776C2A8D0D7100F2117B /* map_present.png */; };
		0E9B77892A8D0D7100F2117B /* noimage.png in Resources */ = {isa = PBXBuildFile; fileRef = 0E9B776D2A8D0D7100F2117B /* noimage.png */; };
		0E9B778A2A8D0D7100F2117B /* map_present_background_update.png in Resources */ = {isa = PBXBuildFile; fileRef = 0E9B776E2A8D0D7100F2117B /* map_present_background_update.png */; };
		0E9B778B2A8D0D7100F2117B /* daum_th_line.png in Resources */ = {isa = PBXBuildFile; fileRef = 0E9B776F2A8D0D7100F2117B /* daum_th_line.png */; };
		0E9B778C2A8D0D7100F2117B /* map_pin_shadow.png in Resources */ = {isa = PBXBuildFile; fileRef = 0E9B77702A8D0D7100F2117B /* map_pin_shadow.png */; };
		0E9B778D2A8D0D7100F2117B /* DaumMap.framework in Frameworks */ = {isa = PBXBuildFile; fileRef = 0E9B77712A8D0D7100F2117B /* DaumMap.framework */; };
		0E9B778F2A8D0DA800F2117B /* OpenGLES.framework in Frameworks */ = {isa = PBXBuildFile; fileRef = 0E9B778E2A8D0DA800F2117B /* OpenGLES.framework */; };
		0E9B77912A8D0DBD00F2117B /* SystemConfiguration.framework in Frameworks */ = {isa = PBXBuildFile; fileRef = 0E9B77902A8D0DBD00F2117B /* SystemConfiguration.framework */; };
		0E9B77932A8D0DC700F2117B /* CoreLocation.framework in Frameworks */ = {isa = PBXBuildFile; fileRef = 0E9B77922A8D0DC700F2117B /* CoreLocation.framework */; };
		0E9B77952A8D0DCF00F2117B /* QuartzCore.framework in Frameworks */ = {isa = PBXBuildFile; fileRef = 0E9B77942A8D0DCF00F2117B /* QuartzCore.framework */; };
		0E9B77972A8D0DD700F2117B /* libc++.tbd in Frameworks */ = {isa = PBXBuildFile; fileRef = 0E9B77962A8D0DD700F2117B /* libc++.tbd */; };
		0E9B77992A8D0DE200F2117B /* libxml2.tbd in Frameworks */ = {isa = PBXBuildFile; fileRef = 0E9B77982A8D0DE200F2117B /* libxml2.tbd */; };
		0E9B779B2A8D0DED00F2117B /* libsqlite3.tbd in Frameworks */ = {isa = PBXBuildFile; fileRef = 0E9B779A2A8D0DEC00F2117B /* libsqlite3.tbd */; };
		0EEB3EC02A8BDA8300615A4C /* ImageAssets.swift in Sources */ = {isa = PBXBuildFile; fileRef = 0EEB3EBF2A8BDA8300615A4C /* ImageAssets.swift */; };
		DBDB3429A16521871435E852 /* Pods_orgo.framework in Frameworks */ = {isa = PBXBuildFile; fileRef = D6DA5098F6D9C50633E2F56E /* Pods_orgo.framework */; };
/* End PBXBuildFile section */

/* Begin PBXFileReference section */
		0E502B542A8E7079002C71F2 /* OrgoBottomSheet.swift */ = {isa = PBXFileReference; lastKnownFileType = sourcecode.swift; path = OrgoBottomSheet.swift; sourceTree = "<group>"; };
		0E502B572A8E8204002C71F2 /* HomeVM.swift */ = {isa = PBXFileReference; lastKnownFileType = sourcecode.swift; path = HomeVM.swift; sourceTree = "<group>"; };
		0E502B5A2A8E82A3002C71F2 /* MountainListResponseModel.swift */ = {isa = PBXFileReference; lastKnownFileType = sourcecode.swift; path = MountainListResponseModel.swift; sourceTree = "<group>"; };
		0E502B5D2A90C39D002C71F2 /* Pretendard-Regular.otf */ = {isa = PBXFileReference; lastKnownFileType = file; name = "Pretendard-Regular.otf"; path = "../../../../../dnd-8th-2-frontend/Reet-Place/Reet-Place/Global/Font/Pretendard-Regular.otf"; sourceTree = "<group>"; };
		0E502B5E2A90C39D002C71F2 /* Pretendard-Bold.otf */ = {isa = PBXFileReference; lastKnownFileType = file; name = "Pretendard-Bold.otf"; path = "../../../../../dnd-8th-2-frontend/Reet-Place/Reet-Place/Global/Font/Pretendard-Bold.otf"; sourceTree = "<group>"; };
		0E502B5F2A90C39D002C71F2 /* Pretendard-SemiBold.otf */ = {isa = PBXFileReference; lastKnownFileType = file; name = "Pretendard-SemiBold.otf"; path = "../../../../../dnd-8th-2-frontend/Reet-Place/Reet-Place/Global/Font/Pretendard-SemiBold.otf"; sourceTree = "<group>"; };
		0E502B602A90C39D002C71F2 /* Pretendard-Medium.otf */ = {isa = PBXFileReference; lastKnownFileType = file; name = "Pretendard-Medium.otf"; path = "../../../../../dnd-8th-2-frontend/Reet-Place/Reet-Place/Global/Font/Pretendard-Medium.otf"; sourceTree = "<group>"; };
		0E502B612A90C7D4002C71F2 /* UIFont+Ext.swift */ = {isa = PBXFileReference; lastKnownFileType = sourcecode.swift; path = "UIFont+Ext.swift"; sourceTree = "<group>"; };
		0E502B652A90EA2E002C71F2 /* PretendardWeight.swift */ = {isa = PBXFileReference; lastKnownFileType = sourcecode.swift; path = PretendardWeight.swift; sourceTree = "<group>"; };
		0E57C15A2A8BB63F00BFF482 /* LoginVC.swift */ = {isa = PBXFileReference; lastKnownFileType = sourcecode.swift; path = LoginVC.swift; sourceTree = "<group>"; };
		0E57C15C2A8BB7A400BFF482 /* BaseNavigationController.swift */ = {isa = PBXFileReference; lastKnownFileType = sourcecode.swift; path = BaseNavigationController.swift; sourceTree = "<group>"; };
		0E57C1642A8BBC4300BFF482 /* OrgoTabBarVC.swift */ = {isa = PBXFileReference; lastKnownFileType = sourcecode.swift; path = OrgoTabBarVC.swift; sourceTree = "<group>"; };
		0E57C1672A8BBCC900BFF482 /* TabBarView.swift */ = {isa = PBXFileReference; lastKnownFileType = sourcecode.swift; path = TabBarView.swift; sourceTree = "<group>"; };
		0E57C16A2A8BBE8300BFF482 /* TabBarItem.swift */ = {isa = PBXFileReference; lastKnownFileType = sourcecode.swift; path = TabBarItem.swift; sourceTree = "<group>"; };
		0E57C16E2A8BC18700BFF482 /* NavigationBar.swift */ = {isa = PBXFileReference; lastKnownFileType = sourcecode.swift; path = NavigationBar.swift; sourceTree = "<group>"; };
		0E57C1702A8BC33F00BFF482 /* NavigationBarStyle.swift */ = {isa = PBXFileReference; lastKnownFileType = sourcecode.swift; path = NavigationBarStyle.swift; sourceTree = "<group>"; };
		0E57C1722A8BC4AB00BFF482 /* BaseNavigationViewController.swift */ = {isa = PBXFileReference; lastKnownFileType = sourcecode.swift; path = BaseNavigationViewController.swift; sourceTree = "<group>"; };
		0E57C1752A8BC70B00BFF482 /* HomeVC.swift */ = {isa = PBXFileReference; lastKnownFileType = sourcecode.swift; path = HomeVC.swift; sourceTree = "<group>"; };
		0E57C17B2A8BC85600BFF482 /* MyPageVC.swift */ = {isa = PBXFileReference; lastKnownFileType = sourcecode.swift; path = MyPageVC.swift; sourceTree = "<group>"; };
		0E57C17F2A8BC9E500BFF482 /* TabBarItemButton.swift */ = {isa = PBXFileReference; lastKnownFileType = sourcecode.swift; path = TabBarItemButton.swift; sourceTree = "<group>"; };
		0E6793352A639433000FBE1A /* BaseViewController.swift */ = {isa = PBXFileReference; lastKnownFileType = sourcecode.swift; path = BaseViewController.swift; sourceTree = "<group>"; };
		0E6793382A63946F000FBE1A /* UIViewController+Ext.swift */ = {isa = PBXFileReference; lastKnownFileType = sourcecode.swift; path = "UIViewController+Ext.swift"; sourceTree = "<group>"; };
		0E67933A2A63956B000FBE1A /* BaseView.swift */ = {isa = PBXFileReference; lastKnownFileType = sourcecode.swift; path = BaseView.swift; sourceTree = "<group>"; };
		0E67933C2A6395A1000FBE1A /* BaseViewModel.swift */ = {isa = PBXFileReference; lastKnownFileType = sourcecode.swift; path = BaseViewModel.swift; sourceTree = "<group>"; };
		0E67933F2A6395FC000FBE1A /* Output.swift */ = {isa = PBXFileReference; lastKnownFileType = sourcecode.swift; path = Output.swift; sourceTree = "<group>"; };
		0E6793412A639608000FBE1A /* Input.swift */ = {isa = PBXFileReference; lastKnownFileType = sourcecode.swift; path = Input.swift; sourceTree = "<group>"; };
		0E6793442A63963D000FBE1A /* APIService.swift */ = {isa = PBXFileReference; lastKnownFileType = sourcecode.swift; path = APIService.swift; sourceTree = "<group>"; };
		0E6793462A639656000FBE1A /* APIError.swift */ = {isa = PBXFileReference; lastKnownFileType = sourcecode.swift; path = APIError.swift; sourceTree = "<group>"; };
		0E6793492A639687000FBE1A /* URLResource.swift */ = {isa = PBXFileReference; lastKnownFileType = sourcecode.swift; path = URLResource.swift; sourceTree = "<group>"; };
		0E67934B2A63978F000FBE1A /* BaseTableViewCell.swift */ = {isa = PBXFileReference; lastKnownFileType = sourcecode.swift; path = BaseTableViewCell.swift; sourceTree = "<group>"; };
		0E67934D2A63979C000FBE1A /* BaseCollectionViewCell.swift */ = {isa = PBXFileReference; lastKnownFileType = sourcecode.swift; path = BaseCollectionViewCell.swift; sourceTree = "<group>"; };
		0E6793512A639A11000FBE1A /* UIView+Ext.swift */ = {isa = PBXFileReference; lastKnownFileType = sourcecode.swift; path = "UIView+Ext.swift"; sourceTree = "<group>"; };
		0E6793532A639AB6000FBE1A /* UIImageView+Ext.swift */ = {isa = PBXFileReference; lastKnownFileType = sourcecode.swift; path = "UIImageView+Ext.swift"; sourceTree = "<group>"; };
		0E6793552A63C276000FBE1A /* String+Ext.swift */ = {isa = PBXFileReference; lastKnownFileType = sourcecode.swift; path = "String+Ext.swift"; sourceTree = "<group>"; };
		0E6FC9172A585277001DD709 /* orgo.app */ = {isa = PBXFileReference; explicitFileType = wrapper.application; includeInIndex = 0; path = orgo.app; sourceTree = BUILT_PRODUCTS_DIR; };
		0E6FC91A2A585277001DD709 /* AppDelegate.swift */ = {isa = PBXFileReference; lastKnownFileType = sourcecode.swift; path = AppDelegate.swift; sourceTree = "<group>"; };
		0E6FC91C2A585277001DD709 /* SceneDelegate.swift */ = {isa = PBXFileReference; lastKnownFileType = sourcecode.swift; path = SceneDelegate.swift; sourceTree = "<group>"; };
		0E6FC9232A585278001DD709 /* Assets.xcassets */ = {isa = PBXFileReference; lastKnownFileType = folder.assetcatalog; path = Assets.xcassets; sourceTree = "<group>"; };
		0E6FC9262A585278001DD709 /* Base */ = {isa = PBXFileReference; lastKnownFileType = file.storyboard; name = Base; path = Base.lproj/LaunchScreen.storyboard; sourceTree = "<group>"; };
		0E6FC9282A585278001DD709 /* Info.plist */ = {isa = PBXFileReference; lastKnownFileType = text.plist.xml; path = Info.plist; sourceTree = "<group>"; };
		0E9B77332A8BF0A800F2117B /* LoginVM.swift */ = {isa = PBXFileReference; lastKnownFileType = sourcecode.swift; path = LoginVM.swift; sourceTree = "<group>"; };
		0E9B77352A8BF13B00F2117B /* APISession.swift */ = {isa = PBXFileReference; lastKnownFileType = sourcecode.swift; path = APISession.swift; sourceTree = "<group>"; };
		0E9B77372A8BF17D00F2117B /* AuthInterceptor.swift */ = {isa = PBXFileReference; lastKnownFileType = sourcecode.swift; path = AuthInterceptor.swift; sourceTree = "<group>"; };
		0E9B77392A8BF1AE00F2117B /* APIToken.swift */ = {isa = PBXFileReference; lastKnownFileType = sourcecode.swift; path = APIToken.swift; sourceTree = "<group>"; };
		0E9B773C2A8BF25E00F2117B /* UpdateTokenResponseModel.swift */ = {isa = PBXFileReference; lastKnownFileType = sourcecode.swift; path = UpdateTokenResponseModel.swift; sourceTree = "<group>"; };
		0E9B773F2A8BF29500F2117B /* KeychainManager.swift */ = {isa = PBXFileReference; lastKnownFileType = sourcecode.swift; path = KeychainManager.swift; sourceTree = "<group>"; };
		0E9B77412A8BF81C00F2117B /* LoginType.swift */ = {isa = PBXFileReference; lastKnownFileType = sourcecode.swift; path = LoginType.swift; sourceTree = "<group>"; };
		0E9B77442A8BF8DF00F2117B /* LoginResponseModel.swift */ = {isa = PBXFileReference; lastKnownFileType = sourcecode.swift; path = LoginResponseModel.swift; sourceTree = "<group>"; };
		0E9B77472A8C762100F2117B /* MyPageVM.swift */ = {isa = PBXFileReference; lastKnownFileType = sourcecode.swift; path = MyPageVM.swift; sourceTree = "<group>"; };
		0E9B77492A8C765200F2117B /* EmptyResponseModel.swift */ = {isa = PBXFileReference; lastKnownFileType = sourcecode.swift; path = EmptyResponseModel.swift; sourceTree = "<group>"; };
		0E9B774D2A8D0D7100F2117B /* map_pinup_custom@3x.png */ = {isa = PBXFileReference; lastKnownFileType = image.png; path = "map_pinup_custom@3x.png"; sourceTree = "<group>"; };
		0E9B774E2A8D0D7100F2117B /* map_pin_custom.png */ = {isa = PBXFileReference; lastKnownFileType = image.png; path = map_pin_custom.png; sourceTree = "<group>"; };
		0E9B774F2A8D0D7100F2117B /* shadow_balloon.png */ = {isa = PBXFileReference; lastKnownFileType = image.png; path = shadow_balloon.png; sourceTree = "<group>"; };
		0E9B77502A8D0D7100F2117B /* map_pinup.png */ = {isa = PBXFileReference; lastKnownFileType = image.png; path = map_pinup.png; sourceTree = "<group>"; };
		0E9B77512A8D0D7100F2117B /* detail_button.png */ = {isa = PBXFileReference; lastKnownFileType = image.png; path = detail_button.png; sourceTree = "<group>"; };
		0E9B77522A8D0D7100F2117B /* map_pin_custom@3x.png */ = {isa = PBXFileReference; lastKnownFileType = image.png; path = "map_pin_custom@3x.png"; sourceTree = "<group>"; };
		0E9B77532A8D0D7100F2117B /* map_pinup@3x.png */ = {isa = PBXFileReference; lastKnownFileType = image.png; path = "map_pinup@3x.png"; sourceTree = "<group>"; };
		0E9B77542A8D0D7100F2117B /* map_pin_shadow@3x.png */ = {isa = PBXFileReference; lastKnownFileType = image.png; path = "map_pin_shadow@3x.png"; sourceTree = "<group>"; };
		0E9B77552A8D0D7100F2117B /* copyright.png */ = {isa = PBXFileReference; lastKnownFileType = image.png; path = copyright.png; sourceTree = "<group>"; };
		0E9B77562A8D0D7100F2117B /* th_line.png */ = {isa = PBXFileReference; lastKnownFileType = image.png; path = th_line.png; sourceTree = "<group>"; };
		0E9B77572A8D0D7100F2117B /* map_pin_red@3x.png */ = {isa = PBXFileReference; lastKnownFileType = image.png; path = "map_pin_red@3x.png"; sourceTree = "<group>"; };
		0E9B77582A8D0D7100F2117B /* daum_copyright.png */ = {isa = PBXFileReference; lastKnownFileType = image.png; path = daum_copyright.png; sourceTree = "<group>"; };
		0E9B77592A8D0D7100F2117B /* map_pin@3x.png */ = {isa = PBXFileReference; lastKnownFileType = image.png; path = "map_pin@3x.png"; sourceTree = "<group>"; };
		0E9B775A2A8D0D7100F2117B /* map_present_tracking.png */ = {isa = PBXFileReference; lastKnownFileType = image.png; path = map_present_tracking.png; sourceTree = "<group>"; };
		0E9B775B2A8D0D7100F2117B /* map_pin_red.png */ = {isa = PBXFileReference; lastKnownFileType = image.png; path = map_pin_red.png; sourceTree = "<group>"; };
		0E9B775D2A8D0D7100F2117B /* MTMapPOIItem.h */ = {isa = PBXFileReference; fileEncoding = 4; lastKnownFileType = sourcecode.c.h; path = MTMapPOIItem.h; sourceTree = "<group>"; };
		0E9B775E2A8D0D7100F2117B /* MTMapCameraUpdate.h */ = {isa = PBXFileReference; fileEncoding = 4; lastKnownFileType = sourcecode.c.h; path = MTMapCameraUpdate.h; sourceTree = "<group>"; };
		0E9B775F2A8D0D7100F2117B /* MTMapReverseGeoCoder.h */ = {isa = PBXFileReference; fileEncoding = 4; lastKnownFileType = sourcecode.c.h; path = MTMapReverseGeoCoder.h; sourceTree = "<group>"; };
		0E9B77602A8D0D7100F2117B /* MTMapPolyline.h */ = {isa = PBXFileReference; fileEncoding = 4; lastKnownFileType = sourcecode.c.h; path = MTMapPolyline.h; sourceTree = "<group>"; };
		0E9B77612A8D0D7100F2117B /* MTMapLocationMarkerItem.h */ = {isa = PBXFileReference; fileEncoding = 4; lastKnownFileType = sourcecode.c.h; path = MTMapLocationMarkerItem.h; sourceTree = "<group>"; };
		0E9B77622A8D0D7100F2117B /* MTMapView.h */ = {isa = PBXFileReference; fileEncoding = 4; lastKnownFileType = sourcecode.c.h; path = MTMapView.h; sourceTree = "<group>"; };
		0E9B77632A8D0D7100F2117B /* MTMapGeometry.h */ = {isa = PBXFileReference; fileEncoding = 4; lastKnownFileType = sourcecode.c.h; path = MTMapGeometry.h; sourceTree = "<group>"; };
		0E9B77642A8D0D7100F2117B /* MTMapCircle.h */ = {isa = PBXFileReference; fileEncoding = 4; lastKnownFileType = sourcecode.c.h; path = MTMapCircle.h; sourceTree = "<group>"; };
		0E9B77652A8D0D7100F2117B /* info_box.png */ = {isa = PBXFileReference; lastKnownFileType = image.png; path = info_box.png; sourceTree = "<group>"; };
		0E9B77662A8D0D7100F2117B /* point_sprite.png */ = {isa = PBXFileReference; lastKnownFileType = image.png; path = point_sprite.png; sourceTree = "<group>"; };
		0E9B77672A8D0D7100F2117B /* map_pinup_custom.png */ = {isa = PBXFileReference; lastKnownFileType = image.png; path = map_pinup_custom.png; sourceTree = "<group>"; };
		0E9B77682A8D0D7100F2117B /* info_box_tail.png */ = {isa = PBXFileReference; lastKnownFileType = image.png; path = info_box_tail.png; sourceTree = "<group>"; };
		0E9B77692A8D0D7100F2117B /* noimage256.png */ = {isa = PBXFileReference; lastKnownFileType = image.png; path = noimage256.png; sourceTree = "<group>"; };
		0E9B776A2A8D0D7100F2117B /* map_present_direction.png */ = {isa = PBXFileReference; lastKnownFileType = image.png; path = map_present_direction.png; sourceTree = "<group>"; };
		0E9B776B2A8D0D7100F2117B /* map_pin.png */ = {isa = PBXFileReference; lastKnownFileType = image.png; path = map_pin.png; sourceTree = "<group>"; };
		0E9B776C2A8D0D7100F2117B /* map_present.png */ = {isa = PBXFileReference; lastKnownFileType = image.png; path = map_present.png; sourceTree = "<group>"; };
		0E9B776D2A8D0D7100F2117B /* noimage.png */ = {isa = PBXFileReference; lastKnownFileType = image.png; path = noimage.png; sourceTree = "<group>"; };
		0E9B776E2A8D0D7100F2117B /* map_present_background_update.png */ = {isa = PBXFileReference; lastKnownFileType = image.png; path = map_present_background_update.png; sourceTree = "<group>"; };
		0E9B776F2A8D0D7100F2117B /* daum_th_line.png */ = {isa = PBXFileReference; lastKnownFileType = image.png; path = daum_th_line.png; sourceTree = "<group>"; };
		0E9B77702A8D0D7100F2117B /* map_pin_shadow.png */ = {isa = PBXFileReference; lastKnownFileType = image.png; path = map_pin_shadow.png; sourceTree = "<group>"; };
		0E9B77712A8D0D7100F2117B /* DaumMap.framework */ = {isa = PBXFileReference; lastKnownFileType = wrapper.framework; path = DaumMap.framework; sourceTree = "<group>"; };
		0E9B778E2A8D0DA800F2117B /* OpenGLES.framework */ = {isa = PBXFileReference; lastKnownFileType = wrapper.framework; name = OpenGLES.framework; path = System/Library/Frameworks/OpenGLES.framework; sourceTree = SDKROOT; };
		0E9B77902A8D0DBD00F2117B /* SystemConfiguration.framework */ = {isa = PBXFileReference; lastKnownFileType = wrapper.framework; name = SystemConfiguration.framework; path = System/Library/Frameworks/SystemConfiguration.framework; sourceTree = SDKROOT; };
		0E9B77922A8D0DC700F2117B /* CoreLocation.framework */ = {isa = PBXFileReference; lastKnownFileType = wrapper.framework; name = CoreLocation.framework; path = System/Library/Frameworks/CoreLocation.framework; sourceTree = SDKROOT; };
		0E9B77942A8D0DCF00F2117B /* QuartzCore.framework */ = {isa = PBXFileReference; lastKnownFileType = wrapper.framework; name = QuartzCore.framework; path = System/Library/Frameworks/QuartzCore.framework; sourceTree = SDKROOT; };
		0E9B77962A8D0DD700F2117B /* libc++.tbd */ = {isa = PBXFileReference; lastKnownFileType = "sourcecode.text-based-dylib-definition"; name = "libc++.tbd"; path = "usr/lib/libc++.tbd"; sourceTree = SDKROOT; };
		0E9B77982A8D0DE200F2117B /* libxml2.tbd */ = {isa = PBXFileReference; lastKnownFileType = "sourcecode.text-based-dylib-definition"; name = libxml2.tbd; path = usr/lib/libxml2.tbd; sourceTree = SDKROOT; };
		0E9B779A2A8D0DEC00F2117B /* libsqlite3.tbd */ = {isa = PBXFileReference; lastKnownFileType = "sourcecode.text-based-dylib-definition"; name = libsqlite3.tbd; path = usr/lib/libsqlite3.tbd; sourceTree = SDKROOT; };
		0E9B779C2A8D0E7200F2117B /* orgo-Bridging-Header.h */ = {isa = PBXFileReference; lastKnownFileType = sourcecode.c.h; path = "orgo-Bridging-Header.h"; sourceTree = "<group>"; };
		0EEB3EBF2A8BDA8300615A4C /* ImageAssets.swift */ = {isa = PBXFileReference; lastKnownFileType = sourcecode.swift; path = ImageAssets.swift; sourceTree = "<group>"; };
		654C8E589BE281BAFA8FDF33 /* Pods-orgo.debug.xcconfig */ = {isa = PBXFileReference; includeInIndex = 1; lastKnownFileType = text.xcconfig; name = "Pods-orgo.debug.xcconfig"; path = "Target Support Files/Pods-orgo/Pods-orgo.debug.xcconfig"; sourceTree = "<group>"; };
		699FEC91BE114E2CAC1E314D /* Pods-orgo.release.xcconfig */ = {isa = PBXFileReference; includeInIndex = 1; lastKnownFileType = text.xcconfig; name = "Pods-orgo.release.xcconfig"; path = "Target Support Files/Pods-orgo/Pods-orgo.release.xcconfig"; sourceTree = "<group>"; };
		D6DA5098F6D9C50633E2F56E /* Pods_orgo.framework */ = {isa = PBXFileReference; explicitFileType = wrapper.framework; includeInIndex = 0; path = Pods_orgo.framework; sourceTree = BUILT_PRODUCTS_DIR; };
/* End PBXFileReference section */

/* Begin PBXFrameworksBuildPhase section */
		0E6FC9142A585277001DD709 /* Frameworks */ = {
			isa = PBXFrameworksBuildPhase;
			buildActionMask = 2147483647;
			files = (
				0E9B779B2A8D0DED00F2117B /* libsqlite3.tbd in Frameworks */,
				0E9B77992A8D0DE200F2117B /* libxml2.tbd in Frameworks */,
				0E9B77972A8D0DD700F2117B /* libc++.tbd in Frameworks */,
				0E9B77952A8D0DCF00F2117B /* QuartzCore.framework in Frameworks */,
				0E9B77932A8D0DC700F2117B /* CoreLocation.framework in Frameworks */,
				0E9B77912A8D0DBD00F2117B /* SystemConfiguration.framework in Frameworks */,
				0E9B778F2A8D0DA800F2117B /* OpenGLES.framework in Frameworks */,
				0E9B778D2A8D0D7100F2117B /* DaumMap.framework in Frameworks */,
				DBDB3429A16521871435E852 /* Pods_orgo.framework in Frameworks */,
			);
			runOnlyForDeploymentPostprocessing = 0;
		};
/* End PBXFrameworksBuildPhase section */

/* Begin PBXGroup section */
		0E502B532A8E704B002C71F2 /* BottomSheet */ = {
			isa = PBXGroup;
			children = (
				0E502B542A8E7079002C71F2 /* OrgoBottomSheet.swift */,
			);
			path = BottomSheet;
			sourceTree = "<group>";
		};
		0E502B562A8E81FC002C71F2 /* ViewModel */ = {
			isa = PBXGroup;
			children = (
				0E502B572A8E8204002C71F2 /* HomeVM.swift */,
			);
			path = ViewModel;
			sourceTree = "<group>";
		};
		0E502B592A8E8294002C71F2 /* Model */ = {
			isa = PBXGroup;
			children = (
				0E502B5A2A8E82A3002C71F2 /* MountainListResponseModel.swift */,
			);
			path = Model;
			sourceTree = "<group>";
		};
		0E502B5C2A90C36E002C71F2 /* Fonts */ = {
			isa = PBXGroup;
			children = (
				0E502B5E2A90C39D002C71F2 /* Pretendard-Bold.otf */,
				0E502B602A90C39D002C71F2 /* Pretendard-Medium.otf */,
				0E502B5D2A90C39D002C71F2 /* Pretendard-Regular.otf */,
				0E502B5F2A90C39D002C71F2 /* Pretendard-SemiBold.otf */,
			);
			path = Fonts;
			sourceTree = "<group>";
		};
		0E57C1562A8BB52800BFF482 /* Screen */ = {
			isa = PBXGroup;
			children = (
				0E57C15E2A8BBBF900BFF482 /* Common */,
				0E57C1572A8BB55300BFF482 /* Login */,
				0E57C1742A8BC6F200BFF482 /* Home */,
				0E57C1792A8BC84000BFF482 /* MyPage */,
			);
			path = Screen;
			sourceTree = "<group>";
		};
		0E57C1572A8BB55300BFF482 /* Login */ = {
			isa = PBXGroup;
			children = (
				0E9B77432A8BF8D500F2117B /* Model */,
				0E9B77322A8BF09200F2117B /* ViewModel */,
				0E57C1582A8BB55D00BFF482 /* ViewController */,
			);
			path = Login;
			sourceTree = "<group>";
		};
		0E57C1582A8BB55D00BFF482 /* ViewController */ = {
			isa = PBXGroup;
			children = (
				0E57C15A2A8BB63F00BFF482 /* LoginVC.swift */,
			);
			path = ViewController;
			sourceTree = "<group>";
		};
		0E57C15E2A8BBBF900BFF482 /* Common */ = {
			isa = PBXGroup;
			children = (
				0E502B532A8E704B002C71F2 /* BottomSheet */,
				0E57C16C2A8BC16D00BFF482 /* NavigationBar */,
				0E57C1602A8BBC1D00BFF482 /* TabBar */,
			);
			path = Common;
			sourceTree = "<group>";
		};
		0E57C1602A8BBC1D00BFF482 /* TabBar */ = {
			isa = PBXGroup;
			children = (
				0E57C1662A8BBCBD00BFF482 /* View */,
				0E57C1612A8BBC2600BFF482 /* ViewController */,
			);
			path = TabBar;
			sourceTree = "<group>";
		};
		0E57C1612A8BBC2600BFF482 /* ViewController */ = {
			isa = PBXGroup;
			children = (
				0E57C1642A8BBC4300BFF482 /* OrgoTabBarVC.swift */,
			);
			path = ViewController;
			sourceTree = "<group>";
		};
		0E57C1662A8BBCBD00BFF482 /* View */ = {
			isa = PBXGroup;
			children = (
				0E57C1672A8BBCC900BFF482 /* TabBarView.swift */,
				0E57C17F2A8BC9E500BFF482 /* TabBarItemButton.swift */,
			);
			path = View;
			sourceTree = "<group>";
		};
		0E57C1692A8BBE7B00BFF482 /* Enum */ = {
			isa = PBXGroup;
			children = (
				0E57C16A2A8BBE8300BFF482 /* TabBarItem.swift */,
				0E57C1702A8BC33F00BFF482 /* NavigationBarStyle.swift */,
				0E502B652A90EA2E002C71F2 /* PretendardWeight.swift */,
				0E9B77412A8BF81C00F2117B /* LoginType.swift */,
			);
			path = Enum;
			sourceTree = "<group>";
		};
		0E57C16C2A8BC16D00BFF482 /* NavigationBar */ = {
			isa = PBXGroup;
			children = (
				0E57C16D2A8BC17C00BFF482 /* View */,
			);
			path = NavigationBar;
			sourceTree = "<group>";
		};
		0E57C16D2A8BC17C00BFF482 /* View */ = {
			isa = PBXGroup;
			children = (
				0E57C16E2A8BC18700BFF482 /* NavigationBar.swift */,
			);
			path = View;
			sourceTree = "<group>";
		};
		0E57C1742A8BC6F200BFF482 /* Home */ = {
			isa = PBXGroup;
			children = (
				0E502B592A8E8294002C71F2 /* Model */,
				0E502B562A8E81FC002C71F2 /* ViewModel */,
				0E57C1772A8BC80900BFF482 /* ViewController */,
			);
			path = Home;
			sourceTree = "<group>";
		};
		0E57C1772A8BC80900BFF482 /* ViewController */ = {
			isa = PBXGroup;
			children = (
				0E57C1752A8BC70B00BFF482 /* HomeVC.swift */,
			);
			path = ViewController;
			sourceTree = "<group>";
		};
		0E57C1792A8BC84000BFF482 /* MyPage */ = {
			isa = PBXGroup;
			children = (
				0E9B77462A8C760F00F2117B /* ViewModel */,
				0E57C17A2A8BC84E00BFF482 /* ViewController */,
			);
			path = MyPage;
			sourceTree = "<group>";
		};
		0E57C17A2A8BC84E00BFF482 /* ViewController */ = {
			isa = PBXGroup;
			children = (
				0E57C17B2A8BC85600BFF482 /* MyPageVC.swift */,
			);
			path = ViewController;
			sourceTree = "<group>";
		};
		0E6793332A63941A000FBE1A /* Global */ = {
			isa = PBXGroup;
			children = (
				0E502B5C2A90C36E002C71F2 /* Fonts */,
				0E9B773E2A8BF28900F2117B /* Manager */,
				0E9B773B2A8BF24B00F2117B /* Model */,
				0EEB3EBE2A8BDA7B00615A4C /* Assets */,
				0E57C1692A8BBE7B00BFF482 /* Enum */,
				0E6793372A63945B000FBE1A /* Extension */,
				0E6793342A639426000FBE1A /* Class */,
				0E67933E2A6395F0000FBE1A /* Protocol */,
				0E6793432A639631000FBE1A /* Network */,
			);
			path = Global;
			sourceTree = "<group>";
		};
		0E6793342A639426000FBE1A /* Class */ = {
			isa = PBXGroup;
			children = (
				0E6793352A639433000FBE1A /* BaseViewController.swift */,
				0E57C1722A8BC4AB00BFF482 /* BaseNavigationViewController.swift */,
				0E57C15C2A8BB7A400BFF482 /* BaseNavigationController.swift */,
				0E67933A2A63956B000FBE1A /* BaseView.swift */,
				0E67933C2A6395A1000FBE1A /* BaseViewModel.swift */,
				0E67934B2A63978F000FBE1A /* BaseTableViewCell.swift */,
				0E67934D2A63979C000FBE1A /* BaseCollectionViewCell.swift */,
			);
			path = Class;
			sourceTree = "<group>";
		};
		0E6793372A63945B000FBE1A /* Extension */ = {
			isa = PBXGroup;
			children = (
				0E6793382A63946F000FBE1A /* UIViewController+Ext.swift */,
				0E502B612A90C7D4002C71F2 /* UIFont+Ext.swift */,
				0E6793512A639A11000FBE1A /* UIView+Ext.swift */,
				0E6793532A639AB6000FBE1A /* UIImageView+Ext.swift */,
				0E6793552A63C276000FBE1A /* String+Ext.swift */,
			);
			path = Extension;
			sourceTree = "<group>";
		};
		0E67933E2A6395F0000FBE1A /* Protocol */ = {
			isa = PBXGroup;
			children = (
				0E67933F2A6395FC000FBE1A /* Output.swift */,
				0E6793412A639608000FBE1A /* Input.swift */,
			);
			path = Protocol;
			sourceTree = "<group>";
		};
		0E6793432A639631000FBE1A /* Network */ = {
			isa = PBXGroup;
			children = (
				0E6793442A63963D000FBE1A /* APIService.swift */,
				0E9B77352A8BF13B00F2117B /* APISession.swift */,
				0E9B77372A8BF17D00F2117B /* AuthInterceptor.swift */,
				0E9B77392A8BF1AE00F2117B /* APIToken.swift */,
				0E6793462A639656000FBE1A /* APIError.swift */,
				0E6793492A639687000FBE1A /* URLResource.swift */,
			);
			path = Network;
			sourceTree = "<group>";
		};
		0E6FC90E2A585276001DD709 = {
			isa = PBXGroup;
			children = (
				0E6FC9192A585277001DD709 /* orgo */,
				0E6FC9182A585277001DD709 /* Products */,
				5790C6D43082154B51C810A3 /* Pods */,
				8B1399B6362DEA6183F2EB0B /* Frameworks */,
			);
			sourceTree = "<group>";
		};
		0E6FC9182A585277001DD709 /* Products */ = {
			isa = PBXGroup;
			children = (
				0E6FC9172A585277001DD709 /* orgo.app */,
			);
			name = Products;
			sourceTree = "<group>";
		};
		0E6FC9192A585277001DD709 /* orgo */ = {
			isa = PBXGroup;
			children = (
				0E6FC9252A585278001DD709 /* LaunchScreen.storyboard */,
				0E6FC9432A5C4BD2001DD709 /* Support */,
				0E6793332A63941A000FBE1A /* Global */,
				0E57C1562A8BB52800BFF482 /* Screen */,
				0E9B779C2A8D0E7200F2117B /* orgo-Bridging-Header.h */,
			);
			path = orgo;
			sourceTree = "<group>";
		};
		0E6FC9432A5C4BD2001DD709 /* Support */ = {
			isa = PBXGroup;
			children = (
				0E6FC91A2A585277001DD709 /* AppDelegate.swift */,
				0E6FC91C2A585277001DD709 /* SceneDelegate.swift */,
				0E6FC9232A585278001DD709 /* Assets.xcassets */,
				0E6FC9282A585278001DD709 /* Info.plist */,
			);
			path = Support;
			sourceTree = "<group>";
		};
		0E9B77322A8BF09200F2117B /* ViewModel */ = {
			isa = PBXGroup;
			children = (
				0E9B77332A8BF0A800F2117B /* LoginVM.swift */,
			);
			path = ViewModel;
			sourceTree = "<group>";
		};
		0E9B773B2A8BF24B00F2117B /* Model */ = {
			isa = PBXGroup;
			children = (
				0E9B773C2A8BF25E00F2117B /* UpdateTokenResponseModel.swift */,
				0E9B77492A8C765200F2117B /* EmptyResponseModel.swift */,
			);
			path = Model;
			sourceTree = "<group>";
		};
		0E9B773E2A8BF28900F2117B /* Manager */ = {
			isa = PBXGroup;
			children = (
				0E9B773F2A8BF29500F2117B /* KeychainManager.swift */,
			);
			path = Manager;
			sourceTree = "<group>";
		};
		0E9B77432A8BF8D500F2117B /* Model */ = {
			isa = PBXGroup;
			children = (
				0E9B77442A8BF8DF00F2117B /* LoginResponseModel.swift */,
			);
			path = Model;
			sourceTree = "<group>";
		};
		0E9B77462A8C760F00F2117B /* ViewModel */ = {
			isa = PBXGroup;
			children = (
				0E9B77472A8C762100F2117B /* MyPageVM.swift */,
			);
			path = ViewModel;
			sourceTree = "<group>";
		};
		0E9B774B2A8D0D7100F2117B /* DaumMap.embeddedframework */ = {
			isa = PBXGroup;
			children = (
				0E9B774C2A8D0D7100F2117B /* Resources */,
				0E9B77712A8D0D7100F2117B /* DaumMap.framework */,
			);
			path = DaumMap.embeddedframework;
			sourceTree = "<group>";
		};
		0E9B774C2A8D0D7100F2117B /* Resources */ = {
			isa = PBXGroup;
			children = (
				0E9B774D2A8D0D7100F2117B /* map_pinup_custom@3x.png */,
				0E9B774E2A8D0D7100F2117B /* map_pin_custom.png */,
				0E9B774F2A8D0D7100F2117B /* shadow_balloon.png */,
				0E9B77502A8D0D7100F2117B /* map_pinup.png */,
				0E9B77512A8D0D7100F2117B /* detail_button.png */,
				0E9B77522A8D0D7100F2117B /* map_pin_custom@3x.png */,
				0E9B77532A8D0D7100F2117B /* map_pinup@3x.png */,
				0E9B77542A8D0D7100F2117B /* map_pin_shadow@3x.png */,
				0E9B77552A8D0D7100F2117B /* copyright.png */,
				0E9B77562A8D0D7100F2117B /* th_line.png */,
				0E9B77572A8D0D7100F2117B /* map_pin_red@3x.png */,
				0E9B77582A8D0D7100F2117B /* daum_copyright.png */,
				0E9B77592A8D0D7100F2117B /* map_pin@3x.png */,
				0E9B775A2A8D0D7100F2117B /* map_present_tracking.png */,
				0E9B775B2A8D0D7100F2117B /* map_pin_red.png */,
				0E9B775C2A8D0D7100F2117B /* Headers */,
				0E9B77652A8D0D7100F2117B /* info_box.png */,
				0E9B77662A8D0D7100F2117B /* point_sprite.png */,
				0E9B77672A8D0D7100F2117B /* map_pinup_custom.png */,
				0E9B77682A8D0D7100F2117B /* info_box_tail.png */,
				0E9B77692A8D0D7100F2117B /* noimage256.png */,
				0E9B776A2A8D0D7100F2117B /* map_present_direction.png */,
				0E9B776B2A8D0D7100F2117B /* map_pin.png */,
				0E9B776C2A8D0D7100F2117B /* map_present.png */,
				0E9B776D2A8D0D7100F2117B /* noimage.png */,
				0E9B776E2A8D0D7100F2117B /* map_present_background_update.png */,
				0E9B776F2A8D0D7100F2117B /* daum_th_line.png */,
				0E9B77702A8D0D7100F2117B /* map_pin_shadow.png */,
			);
			path = Resources;
			sourceTree = "<group>";
		};
		0E9B775C2A8D0D7100F2117B /* Headers */ = {
			isa = PBXGroup;
			children = (
				0E9B775D2A8D0D7100F2117B /* MTMapPOIItem.h */,
				0E9B775E2A8D0D7100F2117B /* MTMapCameraUpdate.h */,
				0E9B775F2A8D0D7100F2117B /* MTMapReverseGeoCoder.h */,
				0E9B77602A8D0D7100F2117B /* MTMapPolyline.h */,
				0E9B77612A8D0D7100F2117B /* MTMapLocationMarkerItem.h */,
				0E9B77622A8D0D7100F2117B /* MTMapView.h */,
				0E9B77632A8D0D7100F2117B /* MTMapGeometry.h */,
				0E9B77642A8D0D7100F2117B /* MTMapCircle.h */,
			);
			path = Headers;
			sourceTree = "<group>";
		};
		0EEB3EBE2A8BDA7B00615A4C /* Assets */ = {
			isa = PBXGroup;
			children = (
				0EEB3EBF2A8BDA8300615A4C /* ImageAssets.swift */,
			);
			path = Assets;
			sourceTree = "<group>";
		};
		5790C6D43082154B51C810A3 /* Pods */ = {
			isa = PBXGroup;
			children = (
				654C8E589BE281BAFA8FDF33 /* Pods-orgo.debug.xcconfig */,
				699FEC91BE114E2CAC1E314D /* Pods-orgo.release.xcconfig */,
			);
			path = Pods;
			sourceTree = "<group>";
		};
		8B1399B6362DEA6183F2EB0B /* Frameworks */ = {
			isa = PBXGroup;
			children = (
				0E9B779A2A8D0DEC00F2117B /* libsqlite3.tbd */,
				0E9B77982A8D0DE200F2117B /* libxml2.tbd */,
				0E9B77962A8D0DD700F2117B /* libc++.tbd */,
				0E9B77942A8D0DCF00F2117B /* QuartzCore.framework */,
				0E9B77922A8D0DC700F2117B /* CoreLocation.framework */,
				0E9B77902A8D0DBD00F2117B /* SystemConfiguration.framework */,
				0E9B778E2A8D0DA800F2117B /* OpenGLES.framework */,
				0E9B774B2A8D0D7100F2117B /* DaumMap.embeddedframework */,
				D6DA5098F6D9C50633E2F56E /* Pods_orgo.framework */,
			);
			name = Frameworks;
			sourceTree = "<group>";
		};
/* End PBXGroup section */

/* Begin PBXNativeTarget section */
		0E6FC9162A585277001DD709 /* orgo */ = {
			isa = PBXNativeTarget;
			buildConfigurationList = 0E6FC92B2A585278001DD709 /* Build configuration list for PBXNativeTarget "orgo" */;
			buildPhases = (
				33FE69F1990191755B6CD76E /* [CP] Check Pods Manifest.lock */,
				0E6FC9132A585277001DD709 /* Sources */,
				0E6FC9142A585277001DD709 /* Frameworks */,
				0E6FC9152A585277001DD709 /* Resources */,
				745C2634687BC3B2DE2E1C9F /* [CP] Embed Pods Frameworks */,
			);
			buildRules = (
			);
			dependencies = (
			);
			name = orgo;
			productName = orgo;
			productReference = 0E6FC9172A585277001DD709 /* orgo.app */;
			productType = "com.apple.product-type.application";
		};
/* End PBXNativeTarget section */

/* Begin PBXProject section */
		0E6FC90F2A585276001DD709 /* Project object */ = {
			isa = PBXProject;
			attributes = {
				BuildIndependentTargetsInParallel = 1;
				LastSwiftUpdateCheck = 1420;
				LastUpgradeCheck = 1420;
				TargetAttributes = {
					0E6FC9162A585277001DD709 = {
						CreatedOnToolsVersion = 14.2;
					};
				};
			};
			buildConfigurationList = 0E6FC9122A585276001DD709 /* Build configuration list for PBXProject "orgo" */;
			compatibilityVersion = "Xcode 14.0";
			developmentRegion = en;
			hasScannedForEncodings = 0;
			knownRegions = (
				en,
				Base,
			);
			mainGroup = 0E6FC90E2A585276001DD709;
			productRefGroup = 0E6FC9182A585277001DD709 /* Products */;
			projectDirPath = "";
			projectRoot = "";
			targets = (
				0E6FC9162A585277001DD709 /* orgo */,
			);
		};
/* End PBXProject section */

/* Begin PBXResourcesBuildPhase section */
		0E6FC9152A585277001DD709 /* Resources */ = {
			isa = PBXResourcesBuildPhase;
			buildActionMask = 2147483647;
			files = (
				0E9B77842A8D0D7100F2117B /* info_box_tail.png in Resources */,
				0E9B77792A8D0D7100F2117B /* map_pin_shadow@3x.png in Resources */,
				0E9B77872A8D0D7100F2117B /* map_pin.png in Resources */,
				0E9B77802A8D0D7100F2117B /* map_pin_red.png in Resources */,
				0E9B77782A8D0D7100F2117B /* map_pinup@3x.png in Resources */,
				0E9B77822A8D0D7100F2117B /* point_sprite.png in Resources */,
				0E9B777E2A8D0D7100F2117B /* map_pin@3x.png in Resources */,
				0E9B77852A8D0D7100F2117B /* noimage256.png in Resources */,
				0E9B77882A8D0D7100F2117B /* map_present.png in Resources */,
				0E9B777D2A8D0D7100F2117B /* daum_copyright.png in Resources */,
				0E9B777A2A8D0D7100F2117B /* copyright.png in Resources */,
				0E9B77742A8D0D7100F2117B /* shadow_balloon.png in Resources */,
				0E9B77772A8D0D7100F2117B /* map_pin_custom@3x.png in Resources */,
				0E9B777B2A8D0D7100F2117B /* th_line.png in Resources */,
				0E9B77832A8D0D7100F2117B /* map_pinup_custom.png in Resources */,
				0E6FC9272A585278001DD709 /* LaunchScreen.storyboard in Resources */,
				0E9B778B2A8D0D7100F2117B /* daum_th_line.png in Resources */,
				0E9B77722A8D0D7100F2117B /* map_pinup_custom@3x.png in Resources */,
				0E6FC9242A585278001DD709 /* Assets.xcassets in Resources */,
				0E9B777F2A8D0D7100F2117B /* map_present_tracking.png in Resources */,
				0E9B778C2A8D0D7100F2117B /* map_pin_shadow.png in Resources */,
				0E9B77862A8D0D7100F2117B /* map_present_direction.png in Resources */,
				0E9B778A2A8D0D7100F2117B /* map_present_background_update.png in Resources */,
				0E9B77762A8D0D7100F2117B /* detail_button.png in Resources */,
				0E9B777C2A8D0D7100F2117B /* map_pin_red@3x.png in Resources */,
				0E9B77892A8D0D7100F2117B /* noimage.png in Resources */,
				0E9B77812A8D0D7100F2117B /* info_box.png in Resources */,
				0E9B77732A8D0D7100F2117B /* map_pin_custom.png in Resources */,
				0E9B77752A8D0D7100F2117B /* map_pinup.png in Resources */,
			);
			runOnlyForDeploymentPostprocessing = 0;
		};
/* End PBXResourcesBuildPhase section */

/* Begin PBXShellScriptBuildPhase section */
		33FE69F1990191755B6CD76E /* [CP] Check Pods Manifest.lock */ = {
			isa = PBXShellScriptBuildPhase;
			buildActionMask = 2147483647;
			files = (
			);
			inputFileListPaths = (
			);
			inputPaths = (
				"${PODS_PODFILE_DIR_PATH}/Podfile.lock",
				"${PODS_ROOT}/Manifest.lock",
			);
			name = "[CP] Check Pods Manifest.lock";
			outputFileListPaths = (
			);
			outputPaths = (
				"$(DERIVED_FILE_DIR)/Pods-orgo-checkManifestLockResult.txt",
			);
			runOnlyForDeploymentPostprocessing = 0;
			shellPath = /bin/sh;
			shellScript = "diff \"${PODS_PODFILE_DIR_PATH}/Podfile.lock\" \"${PODS_ROOT}/Manifest.lock\" > /dev/null\nif [ $? != 0 ] ; then\n    # print error to STDERR\n    echo \"error: The sandbox is not in sync with the Podfile.lock. Run 'pod install' or update your CocoaPods installation.\" >&2\n    exit 1\nfi\n# This output is used by Xcode 'outputs' to avoid re-running this script phase.\necho \"SUCCESS\" > \"${SCRIPT_OUTPUT_FILE_0}\"\n";
			showEnvVarsInLog = 0;
		};
		745C2634687BC3B2DE2E1C9F /* [CP] Embed Pods Frameworks */ = {
			isa = PBXShellScriptBuildPhase;
			buildActionMask = 2147483647;
			files = (
			);
			inputFileListPaths = (
				"${PODS_ROOT}/Target Support Files/Pods-orgo/Pods-orgo-frameworks-${CONFIGURATION}-input-files.xcfilelist",
			);
			name = "[CP] Embed Pods Frameworks";
			outputFileListPaths = (
				"${PODS_ROOT}/Target Support Files/Pods-orgo/Pods-orgo-frameworks-${CONFIGURATION}-output-files.xcfilelist",
			);
			runOnlyForDeploymentPostprocessing = 0;
			shellPath = /bin/sh;
			shellScript = "\"${PODS_ROOT}/Target Support Files/Pods-orgo/Pods-orgo-frameworks.sh\"\n";
			showEnvVarsInLog = 0;
		};
/* End PBXShellScriptBuildPhase section */

/* Begin PBXSourcesBuildPhase section */
		0E6FC9132A585277001DD709 /* Sources */ = {
			isa = PBXSourcesBuildPhase;
			buildActionMask = 2147483647;
			files = (
				0E502B622A90C7D4002C71F2 /* UIFont+Ext.swift in Sources */,
				0E9B77422A8BF81C00F2117B /* LoginType.swift in Sources */,
				0E6793402A6395FC000FBE1A /* Output.swift in Sources */,
				0E57C1712A8BC33F00BFF482 /* NavigationBarStyle.swift in Sources */,
				0E67934E2A63979C000FBE1A /* BaseCollectionViewCell.swift in Sources */,
				0E6793522A639A11000FBE1A /* UIView+Ext.swift in Sources */,
				0E502B5B2A8E82A3002C71F2 /* MountainListResponseModel.swift in Sources */,
				0E9B773A2A8BF1AE00F2117B /* APIToken.swift in Sources */,
				0E57C17C2A8BC85600BFF482 /* MyPageVC.swift in Sources */,
				0E9B77362A8BF13B00F2117B /* APISession.swift in Sources */,
				0E6793562A63C276000FBE1A /* String+Ext.swift in Sources */,
				0E502B552A8E7079002C71F2 /* OrgoBottomSheet.swift in Sources */,
				0E57C16B2A8BBE8300BFF482 /* TabBarItem.swift in Sources */,
				0E502B582A8E8204002C71F2 /* HomeVM.swift in Sources */,
				0E57C16F2A8BC18700BFF482 /* NavigationBar.swift in Sources */,
				0E6793362A639433000FBE1A /* BaseViewController.swift in Sources */,
				0E57C15D2A8BB7A400BFF482 /* BaseNavigationController.swift in Sources */,
				0E6793392A63946F000FBE1A /* UIViewController+Ext.swift in Sources */,
				0E67933D2A6395A1000FBE1A /* BaseViewModel.swift in Sources */,
				0E67933B2A63956B000FBE1A /* BaseView.swift in Sources */,
				0E57C1732A8BC4AB00BFF482 /* BaseNavigationViewController.swift in Sources */,
				0E6793542A639AB6000FBE1A /* UIImageView+Ext.swift in Sources */,
				0E6793452A63963D000FBE1A /* APIService.swift in Sources */,
				0E67934A2A639687000FBE1A /* URLResource.swift in Sources */,
				0E57C1762A8BC70B00BFF482 /* HomeVC.swift in Sources */,
				0E9B77342A8BF0A800F2117B /* LoginVM.swift in Sources */,
				0E9B773D2A8BF25E00F2117B /* UpdateTokenResponseModel.swift in Sources */,
				0E57C1652A8BBC4300BFF482 /* OrgoTabBarVC.swift in Sources */,
				0E9B774A2A8C765200F2117B /* EmptyResponseModel.swift in Sources */,
				0E9B77452A8BF8DF00F2117B /* LoginResponseModel.swift in Sources */,
				0E9B77482A8C762100F2117B /* MyPageVM.swift in Sources */,
				0E9B77402A8BF29500F2117B /* KeychainManager.swift in Sources */,
				0E57C1802A8BC9E500BFF482 /* TabBarItemButton.swift in Sources */,
				0E6793422A639608000FBE1A /* Input.swift in Sources */,
				0E6FC91B2A585277001DD709 /* AppDelegate.swift in Sources */,
				0E57C1682A8BBCC900BFF482 /* TabBarView.swift in Sources */,
				0E502B662A90EA2E002C71F2 /* PretendardWeight.swift in Sources */,
				0E9B77382A8BF17D00F2117B /* AuthInterceptor.swift in Sources */,
				0E57C15B2A8BB63F00BFF482 /* LoginVC.swift in Sources */,
				0E6FC91D2A585277001DD709 /* SceneDelegate.swift in Sources */,
				0E67934C2A63978F000FBE1A /* BaseTableViewCell.swift in Sources */,
				0EEB3EC02A8BDA8300615A4C /* ImageAssets.swift in Sources */,
				0E6793472A639656000FBE1A /* APIError.swift in Sources */,
			);
			runOnlyForDeploymentPostprocessing = 0;
		};
/* End PBXSourcesBuildPhase section */

/* Begin PBXVariantGroup section */
		0E6FC9252A585278001DD709 /* LaunchScreen.storyboard */ = {
			isa = PBXVariantGroup;
			children = (
				0E6FC9262A585278001DD709 /* Base */,
			);
			name = LaunchScreen.storyboard;
			sourceTree = "<group>";
		};
/* End PBXVariantGroup section */

/* Begin XCBuildConfiguration section */
		0E6FC9292A585278001DD709 /* Debug */ = {
			isa = XCBuildConfiguration;
			buildSettings = {
				ALWAYS_SEARCH_USER_PATHS = NO;
				CLANG_ANALYZER_NONNULL = YES;
				CLANG_ANALYZER_NUMBER_OBJECT_CONVERSION = YES_AGGRESSIVE;
				CLANG_CXX_LANGUAGE_STANDARD = "gnu++20";
				CLANG_ENABLE_MODULES = YES;
				CLANG_ENABLE_OBJC_ARC = YES;
				CLANG_ENABLE_OBJC_WEAK = YES;
				CLANG_WARN_BLOCK_CAPTURE_AUTORELEASING = YES;
				CLANG_WARN_BOOL_CONVERSION = YES;
				CLANG_WARN_COMMA = YES;
				CLANG_WARN_CONSTANT_CONVERSION = YES;
				CLANG_WARN_DEPRECATED_OBJC_IMPLEMENTATIONS = YES;
				CLANG_WARN_DIRECT_OBJC_ISA_USAGE = YES_ERROR;
				CLANG_WARN_DOCUMENTATION_COMMENTS = YES;
				CLANG_WARN_EMPTY_BODY = YES;
				CLANG_WARN_ENUM_CONVERSION = YES;
				CLANG_WARN_INFINITE_RECURSION = YES;
				CLANG_WARN_INT_CONVERSION = YES;
				CLANG_WARN_NON_LITERAL_NULL_CONVERSION = YES;
				CLANG_WARN_OBJC_IMPLICIT_RETAIN_SELF = YES;
				CLANG_WARN_OBJC_LITERAL_CONVERSION = YES;
				CLANG_WARN_OBJC_ROOT_CLASS = YES_ERROR;
				CLANG_WARN_QUOTED_INCLUDE_IN_FRAMEWORK_HEADER = YES;
				CLANG_WARN_RANGE_LOOP_ANALYSIS = YES;
				CLANG_WARN_STRICT_PROTOTYPES = YES;
				CLANG_WARN_SUSPICIOUS_MOVE = YES;
				CLANG_WARN_UNGUARDED_AVAILABILITY = YES_AGGRESSIVE;
				CLANG_WARN_UNREACHABLE_CODE = YES;
				CLANG_WARN__DUPLICATE_METHOD_MATCH = YES;
				COPY_PHASE_STRIP = NO;
				DEBUG_INFORMATION_FORMAT = dwarf;
				ENABLE_STRICT_OBJC_MSGSEND = YES;
				ENABLE_TESTABILITY = YES;
				GCC_C_LANGUAGE_STANDARD = gnu11;
				GCC_DYNAMIC_NO_PIC = NO;
				GCC_NO_COMMON_BLOCKS = YES;
				GCC_OPTIMIZATION_LEVEL = 0;
				GCC_PREPROCESSOR_DEFINITIONS = (
					"DEBUG=1",
					"$(inherited)",
				);
				GCC_WARN_64_TO_32_BIT_CONVERSION = YES;
				GCC_WARN_ABOUT_RETURN_TYPE = YES_ERROR;
				GCC_WARN_UNDECLARED_SELECTOR = YES;
				GCC_WARN_UNINITIALIZED_AUTOS = YES_AGGRESSIVE;
				GCC_WARN_UNUSED_FUNCTION = YES;
				GCC_WARN_UNUSED_VARIABLE = YES;
				IPHONEOS_DEPLOYMENT_TARGET = 16.2;
				MTL_ENABLE_DEBUG_INFO = INCLUDE_SOURCE;
				MTL_FAST_MATH = YES;
				ONLY_ACTIVE_ARCH = YES;
				SDKROOT = iphoneos;
				SWIFT_ACTIVE_COMPILATION_CONDITIONS = DEBUG;
				SWIFT_OPTIMIZATION_LEVEL = "-Onone";
			};
			name = Debug;
		};
		0E6FC92A2A585278001DD709 /* Release */ = {
			isa = XCBuildConfiguration;
			buildSettings = {
				ALWAYS_SEARCH_USER_PATHS = NO;
				CLANG_ANALYZER_NONNULL = YES;
				CLANG_ANALYZER_NUMBER_OBJECT_CONVERSION = YES_AGGRESSIVE;
				CLANG_CXX_LANGUAGE_STANDARD = "gnu++20";
				CLANG_ENABLE_MODULES = YES;
				CLANG_ENABLE_OBJC_ARC = YES;
				CLANG_ENABLE_OBJC_WEAK = YES;
				CLANG_WARN_BLOCK_CAPTURE_AUTORELEASING = YES;
				CLANG_WARN_BOOL_CONVERSION = YES;
				CLANG_WARN_COMMA = YES;
				CLANG_WARN_CONSTANT_CONVERSION = YES;
				CLANG_WARN_DEPRECATED_OBJC_IMPLEMENTATIONS = YES;
				CLANG_WARN_DIRECT_OBJC_ISA_USAGE = YES_ERROR;
				CLANG_WARN_DOCUMENTATION_COMMENTS = YES;
				CLANG_WARN_EMPTY_BODY = YES;
				CLANG_WARN_ENUM_CONVERSION = YES;
				CLANG_WARN_INFINITE_RECURSION = YES;
				CLANG_WARN_INT_CONVERSION = YES;
				CLANG_WARN_NON_LITERAL_NULL_CONVERSION = YES;
				CLANG_WARN_OBJC_IMPLICIT_RETAIN_SELF = YES;
				CLANG_WARN_OBJC_LITERAL_CONVERSION = YES;
				CLANG_WARN_OBJC_ROOT_CLASS = YES_ERROR;
				CLANG_WARN_QUOTED_INCLUDE_IN_FRAMEWORK_HEADER = YES;
				CLANG_WARN_RANGE_LOOP_ANALYSIS = YES;
				CLANG_WARN_STRICT_PROTOTYPES = YES;
				CLANG_WARN_SUSPICIOUS_MOVE = YES;
				CLANG_WARN_UNGUARDED_AVAILABILITY = YES_AGGRESSIVE;
				CLANG_WARN_UNREACHABLE_CODE = YES;
				CLANG_WARN__DUPLICATE_METHOD_MATCH = YES;
				COPY_PHASE_STRIP = NO;
				DEBUG_INFORMATION_FORMAT = "dwarf-with-dsym";
				ENABLE_NS_ASSERTIONS = NO;
				ENABLE_STRICT_OBJC_MSGSEND = YES;
				GCC_C_LANGUAGE_STANDARD = gnu11;
				GCC_NO_COMMON_BLOCKS = YES;
				GCC_WARN_64_TO_32_BIT_CONVERSION = YES;
				GCC_WARN_ABOUT_RETURN_TYPE = YES_ERROR;
				GCC_WARN_UNDECLARED_SELECTOR = YES;
				GCC_WARN_UNINITIALIZED_AUTOS = YES_AGGRESSIVE;
				GCC_WARN_UNUSED_FUNCTION = YES;
				GCC_WARN_UNUSED_VARIABLE = YES;
				IPHONEOS_DEPLOYMENT_TARGET = 16.2;
				MTL_ENABLE_DEBUG_INFO = NO;
				MTL_FAST_MATH = YES;
				SDKROOT = iphoneos;
				SWIFT_COMPILATION_MODE = wholemodule;
				SWIFT_OPTIMIZATION_LEVEL = "-O";
				VALIDATE_PRODUCT = YES;
			};
			name = Release;
		};
		0E6FC92C2A585278001DD709 /* Debug */ = {
			isa = XCBuildConfiguration;
			baseConfigurationReference = 654C8E589BE281BAFA8FDF33 /* Pods-orgo.debug.xcconfig */;
			buildSettings = {
				ASSETCATALOG_COMPILER_APPICON_NAME = AppIcon;
				ASSETCATALOG_COMPILER_GLOBAL_ACCENT_COLOR_NAME = AccentColor;
				CLANG_ENABLE_OBJC_ARC = NO;
				CODE_SIGN_STYLE = Automatic;
				CURRENT_PROJECT_VERSION = 1;
				DEVELOPMENT_TEAM = C9U8778A7W;
				FRAMEWORK_SEARCH_PATHS = (
					"$(inherited)",
					"$(PROJECT_DIR)/DaumMap.embeddedframework",
				);
				GENERATE_INFOPLIST_FILE = YES;
				INFOPLIST_FILE = orgo/Support/Info.plist;
				INFOPLIST_KEY_UIApplicationSupportsIndirectInputEvents = YES;
				INFOPLIST_KEY_UILaunchStoryboardName = LaunchScreen.storyboard;
				INFOPLIST_KEY_UISupportedInterfaceOrientations = UIInterfaceOrientationPortrait;
				INFOPLIST_KEY_UISupportedInterfaceOrientations_iPad = "UIInterfaceOrientationPortrait UIInterfaceOrientationPortraitUpsideDown";
				IPHONEOS_DEPLOYMENT_TARGET = 14.0;
				LD_RUNPATH_SEARCH_PATHS = (
					"$(inherited)",
					"@executable_path/Frameworks",
				);
				MARKETING_VERSION = 1.0;
				PRODUCT_BUNDLE_IDENTIFIER = com.orgo.ios;
				PRODUCT_NAME = "$(TARGET_NAME)";
				SWIFT_EMIT_LOC_STRINGS = YES;
				SWIFT_OBJC_BRIDGING_HEADER = "/Users/kimtaehyun/Desktop/project/orgo-iOS/orgo/orgo/orgo-Bridging-Header.h";
				SWIFT_VERSION = 5.0;
				TARGETED_DEVICE_FAMILY = 1;
			};
			name = Debug;
		};
		0E6FC92D2A585278001DD709 /* Release */ = {
			isa = XCBuildConfiguration;
			baseConfigurationReference = 699FEC91BE114E2CAC1E314D /* Pods-orgo.release.xcconfig */;
			buildSettings = {
				ASSETCATALOG_COMPILER_APPICON_NAME = AppIcon;
				ASSETCATALOG_COMPILER_GLOBAL_ACCENT_COLOR_NAME = AccentColor;
				CLANG_ENABLE_OBJC_ARC = NO;
				CODE_SIGN_STYLE = Automatic;
				CURRENT_PROJECT_VERSION = 1;
				DEVELOPMENT_TEAM = C9U8778A7W;
				FRAMEWORK_SEARCH_PATHS = (
					"$(inherited)",
					"$(PROJECT_DIR)/DaumMap.embeddedframework",
				);
				GENERATE_INFOPLIST_FILE = YES;
				INFOPLIST_FILE = orgo/Support/Info.plist;
				INFOPLIST_KEY_UIApplicationSupportsIndirectInputEvents = YES;
				INFOPLIST_KEY_UILaunchStoryboardName = LaunchScreen.storyboard;
				INFOPLIST_KEY_UISupportedInterfaceOrientations = UIInterfaceOrientationPortrait;
				INFOPLIST_KEY_UISupportedInterfaceOrientations_iPad = "UIInterfaceOrientationPortrait UIInterfaceOrientationPortraitUpsideDown";
				IPHONEOS_DEPLOYMENT_TARGET = 14.0;
				LD_RUNPATH_SEARCH_PATHS = (
					"$(inherited)",
					"@executable_path/Frameworks",
				);
				MARKETING_VERSION = 1.0;
				PRODUCT_BUNDLE_IDENTIFIER = com.orgo.ios;
				PRODUCT_NAME = "$(TARGET_NAME)";
				SWIFT_EMIT_LOC_STRINGS = YES;
				SWIFT_OBJC_BRIDGING_HEADER = "/Users/kimtaehyun/Desktop/project/orgo-iOS/orgo/orgo/orgo-Bridging-Header.h";
				SWIFT_VERSION = 5.0;
				TARGETED_DEVICE_FAMILY = 1;
			};
			name = Release;
		};
/* End XCBuildConfiguration section */

/* Begin XCConfigurationList section */
		0E6FC9122A585276001DD709 /* Build configuration list for PBXProject "orgo" */ = {
			isa = XCConfigurationList;
			buildConfigurations = (
				0E6FC9292A585278001DD709 /* Debug */,
				0E6FC92A2A585278001DD709 /* Release */,
			);
			defaultConfigurationIsVisible = 0;
			defaultConfigurationName = Release;
		};
		0E6FC92B2A585278001DD709 /* Build configuration list for PBXNativeTarget "orgo" */ = {
			isa = XCConfigurationList;
			buildConfigurations = (
				0E6FC92C2A585278001DD709 /* Debug */,
				0E6FC92D2A585278001DD709 /* Release */,
			);
			defaultConfigurationIsVisible = 0;
			defaultConfigurationName = Release;
		};
/* End XCConfigurationList section */
	};
	rootObject = 0E6FC90F2A585276001DD709 /* Project object */;
}
